<?xml version="1.0" encoding="UTF-8"?>
<!DOCTYPE plist PUBLIC "-//Apple//DTD PLIST 1.0//EN" "http://www.apple.com/DTDs/PropertyList-1.0.dtd">
<plist version="1.0">
<dict>
	<key>archiveVersion</key>
	<string>1</string>
	<key>classes</key>
	<dict/>
	<key>objectVersion</key>
	<string>46</string>
	<key>objects</key>
	<dict>
		<key>073E09F4F262A7B5CAC61350</key>
		<dict>
			<key>fileRef</key>
			<string>9C77AAB74368B607A7BB355F</string>
			<key>isa</key>
			<string>PBXBuildFile</string>
		</dict>
		<key>6884E03490D2E96C04E88A9D</key>
		<dict>
			<key>buildActionMask</key>
			<string>2147483647</string>
			<key>files</key>
			<array/>
			<key>inputPaths</key>
			<array/>
			<key>isa</key>
			<string>PBXShellScriptBuildPhase</string>
			<key>name</key>
			<string>[CP] Copy Pods Resources</string>
			<key>outputPaths</key>
			<array/>
			<key>runOnlyForDeploymentPostprocessing</key>
			<string>0</string>
			<key>shellPath</key>
			<string>/bin/sh</string>
			<key>shellScript</key>
			<string>"${SRCROOT}/Pods/Target Support Files/Pods-TFTableViewDataSource/Pods-TFTableViewDataSource-resources.sh"
</string>
			<key>showEnvVarsInLog</key>
			<string>0</string>
		</dict>
		<key>6C6425811D90CC7700BECF5F</key>
		<dict>
			<key>fileEncoding</key>
			<string>4</string>
			<key>isa</key>
			<string>PBXFileReference</string>
			<key>lastKnownFileType</key>
			<string>sourcecode.c.h</string>
			<key>path</key>
			<string>LoadDataOperation.h</string>
			<key>sourceTree</key>
			<string>&lt;group&gt;</string>
		</dict>
		<key>6C6425821D90CC7700BECF5F</key>
		<dict>
			<key>fileEncoding</key>
			<string>4</string>
			<key>isa</key>
			<string>PBXFileReference</string>
			<key>lastKnownFileType</key>
			<string>sourcecode.c.objc</string>
			<key>path</key>
			<string>LoadDataOperation.m</string>
			<key>sourceTree</key>
			<string>&lt;group&gt;</string>
		</dict>
		<key>6C6425831D90CC7700BECF5F</key>
		<dict>
			<key>fileRef</key>
			<string>6C6425821D90CC7700BECF5F</string>
			<key>isa</key>
			<string>PBXBuildFile</string>
		</dict>
		<key>78E463970A645E5EDE5B924B</key>
		<dict>
			<key>buildActionMask</key>
			<string>2147483647</string>
			<key>files</key>
			<array/>
			<key>inputPaths</key>
			<array/>
			<key>isa</key>
			<string>PBXShellScriptBuildPhase</string>
			<key>name</key>
			<string>[CP] Embed Pods Frameworks</string>
			<key>outputPaths</key>
			<array/>
			<key>runOnlyForDeploymentPostprocessing</key>
			<string>0</string>
			<key>shellPath</key>
			<string>/bin/sh</string>
			<key>shellScript</key>
			<string>"${SRCROOT}/Pods/Target Support Files/Pods-TFTableViewDataSource/Pods-TFTableViewDataSource-frameworks.sh"
</string>
			<key>showEnvVarsInLog</key>
			<string>0</string>
		</dict>
		<key>8B11C822589477808E573751</key>
		<dict>
			<key>buildActionMask</key>
			<string>2147483647</string>
			<key>files</key>
			<array/>
			<key>inputPaths</key>
			<array/>
			<key>isa</key>
			<string>PBXShellScriptBuildPhase</string>
			<key>name</key>
			<string>[CP] Check Pods Manifest.lock</string>
			<key>outputPaths</key>
			<array/>
			<key>runOnlyForDeploymentPostprocessing</key>
			<string>0</string>
			<key>shellPath</key>
			<string>/bin/sh</string>
			<key>shellScript</key>
			<string>diff "${PODS_ROOT}/../Podfile.lock" "${PODS_ROOT}/Manifest.lock" &gt; /dev/null
if [[ $? != 0 ]] ; then
    cat &lt;&lt; EOM
error: The sandbox is not in sync with the Podfile.lock. Run 'pod install' or update your CocoaPods installation.
EOM
    exit 1
fi
</string>
			<key>showEnvVarsInLog</key>
			<string>0</string>
		</dict>
		<key>9C77AAB74368B607A7BB355F</key>
		<dict>
			<key>explicitFileType</key>
			<string>archive.ar</string>
			<key>includeInIndex</key>
			<string>0</string>
			<key>isa</key>
			<string>PBXFileReference</string>
			<key>path</key>
			<string>libPods-TFTableViewDataSource.a</string>
			<key>sourceTree</key>
			<string>BUILT_PRODUCTS_DIR</string>
		</dict>
		<key>AA1842811E810F93BC20A26D</key>
		<dict>
			<key>includeInIndex</key>
			<string>1</string>
			<key>isa</key>
			<string>PBXFileReference</string>
			<key>lastKnownFileType</key>
			<string>text.xcconfig</string>
			<key>name</key>
			<string>Pods-TFTableViewDataSource.release.xcconfig</string>
			<key>path</key>
			<string>Pods/Target Support Files/Pods-TFTableViewDataSource/Pods-TFTableViewDataSource.release.xcconfig</string>
			<key>sourceTree</key>
			<string>&lt;group&gt;</string>
		</dict>
		<key>B03133121CB4B23E005E4E3D</key>
		<dict>
			<key>children</key>
			<array>
				<string>B0F5895A1CB50AB900BEE18A</string>
				<string>B0F5895B1CB50AB900BEE18A</string>
				<string>B07E47BC1CB3AD4900F1D5DD</string>
				<string>B07E47BD1CB3AD4900F1D5DD</string>
				<string>B03133131CB4B259005E4E3D</string>
				<string>B03133141CB4B259005E4E3D</string>
				<string>B0F589511CB5064900BEE18A</string>
				<string>B0F589521CB5064900BEE18A</string>
				<string>B0F589541CB507CC00BEE18A</string>
				<string>B0F589551CB507CC00BEE18A</string>
				<string>B0F589571CB5086600BEE18A</string>
				<string>B0F589581CB5086600BEE18A</string>
			</array>
			<key>isa</key>
			<string>PBXGroup</string>
			<key>path</key>
			<string>Demo</string>
			<key>sourceTree</key>
			<string>&lt;group&gt;</string>
		</dict>
		<key>B03133131CB4B259005E4E3D</key>
		<dict>
			<key>fileEncoding</key>
			<string>4</string>
			<key>isa</key>
			<string>PBXFileReference</string>
			<key>lastKnownFileType</key>
			<string>sourcecode.c.h</string>
			<key>path</key>
			<string>TimeLineDataManager.h</string>
			<key>sourceTree</key>
			<string>&lt;group&gt;</string>
		</dict>
		<key>B03133141CB4B259005E4E3D</key>
		<dict>
			<key>fileEncoding</key>
			<string>4</string>
			<key>isa</key>
			<string>PBXFileReference</string>
			<key>lastKnownFileType</key>
			<string>sourcecode.c.objc</string>
			<key>path</key>
			<string>TimeLineDataManager.m</string>
			<key>sourceTree</key>
			<string>&lt;group&gt;</string>
		</dict>
		<key>B03133151CB4B259005E4E3D</key>
		<dict>
			<key>fileRef</key>
			<string>B03133141CB4B259005E4E3D</string>
			<key>isa</key>
			<string>PBXBuildFile</string>
		</dict>
		<key>B03133161CB4B3C9005E4E3D</key>
		<dict>
			<key>fileEncoding</key>
			<string>4</string>
			<key>isa</key>
			<string>PBXFileReference</string>
			<key>lastKnownFileType</key>
			<string>sourcecode.c.h</string>
			<key>path</key>
			<string>TFTableViewDataRequest.h</string>
			<key>sourceTree</key>
			<string>&lt;group&gt;</string>
		</dict>
		<key>B03133171CB4B3C9005E4E3D</key>
		<dict>
			<key>fileEncoding</key>
			<string>4</string>
			<key>isa</key>
			<string>PBXFileReference</string>
			<key>lastKnownFileType</key>
			<string>sourcecode.c.objc</string>
			<key>path</key>
			<string>TFTableViewDataRequest.m</string>
			<key>sourceTree</key>
			<string>&lt;group&gt;</string>
		</dict>
		<key>B03133181CB4B3C9005E4E3D</key>
		<dict>
			<key>fileRef</key>
			<string>B03133171CB4B3C9005E4E3D</string>
			<key>isa</key>
			<string>PBXBuildFile</string>
		</dict>
		<key>B03133191CB4B62E005E4E3D</key>
		<dict>
			<key>children</key>
			<array>
				<string>B05F06291C995FED0048BB13</string>
				<string>B05F06261C995FDA0048BB13</string>
				<string>B05F06271C995FDA0048BB13</string>
				<string>B03133161CB4B3C9005E4E3D</string>
				<string>B03133171CB4B3C9005E4E3D</string>
			</array>
			<key>isa</key>
			<string>PBXGroup</string>
			<key>name</key>
			<string>TableViewDataManager</string>
			<key>sourceTree</key>
			<string>&lt;group&gt;</string>
		</dict>
		<key>B031331A1CB4B963005E4E3D</key>
		<dict>
			<key>fileEncoding</key>
			<string>4</string>
			<key>isa</key>
			<string>PBXFileReference</string>
			<key>lastKnownFileType</key>
			<string>sourcecode.c.h</string>
			<key>path</key>
			<string>TFTableViewDataSourceKit.h</string>
			<key>sourceTree</key>
			<string>&lt;group&gt;</string>
		</dict>
		<key>B031331D1CB4D820005E4E3D</key>
		<dict>
			<key>children</key>
			<array>
				<string>B031331E1CB4D84B005E4E3D</string>
				<string>B031331F1CB4D84B005E4E3D</string>
			</array>
			<key>isa</key>
			<string>PBXGroup</string>
			<key>name</key>
			<string>Common</string>
			<key>sourceTree</key>
			<string>&lt;group&gt;</string>
		</dict>
		<key>B031331E1CB4D84B005E4E3D</key>
		<dict>
			<key>fileEncoding</key>
			<string>4</string>
			<key>isa</key>
			<string>PBXFileReference</string>
			<key>lastKnownFileType</key>
			<string>sourcecode.c.h</string>
			<key>path</key>
			<string>TFTableViewClassList.h</string>
			<key>sourceTree</key>
			<string>&lt;group&gt;</string>
		</dict>
		<key>B031331F1CB4D84B005E4E3D</key>
		<dict>
			<key>fileEncoding</key>
			<string>4</string>
			<key>isa</key>
			<string>PBXFileReference</string>
			<key>lastKnownFileType</key>
			<string>sourcecode.c.objc</string>
			<key>path</key>
			<string>TFTableViewClassList.m</string>
			<key>sourceTree</key>
			<string>&lt;group&gt;</string>
		</dict>
		<key>B03133201CB4D84B005E4E3D</key>
		<dict>
			<key>fileRef</key>
			<string>B031331F1CB4D84B005E4E3D</string>
			<key>isa</key>
			<string>PBXBuildFile</string>
		</dict>
		<key>B05F05E31C9957240048BB13</key>
		<dict>
			<key>children</key>
			<array>
				<string>B05F05EE1C9957240048BB13</string>
				<string>B05F06081C9957240048BB13</string>
				<string>B05F06131C9957240048BB13</string>
				<string>B05F05ED1C9957240048BB13</string>
				<string>B3A2D84A78F8F018B32E0F4B</string>
				<string>FE70D8631190888129D04931</string>
			</array>
			<key>isa</key>
			<string>PBXGroup</string>
			<key>sourceTree</key>
			<string>&lt;group&gt;</string>
		</dict>
		<key>B05F05E41C9957240048BB13</key>
		<dict>
			<key>attributes</key>
			<dict>
				<key>LastUpgradeCheck</key>
				<string>0800</string>
				<key>ORGANIZATIONNAME</key>
				<string>TimeFace</string>
				<key>TargetAttributes</key>
				<dict>
					<key>B05F05EB1C9957240048BB13</key>
					<dict>
						<key>CreatedOnToolsVersion</key>
						<string>7.2.1</string>
						<key>DevelopmentTeam</key>
						<string>N7HPU2D4KX</string>
						<key>ProvisioningStyle</key>
						<string>Manual</string>
					</dict>
					<key>B05F06041C9957240048BB13</key>
					<dict>
						<key>CreatedOnToolsVersion</key>
						<string>7.2.1</string>
						<key>TestTargetID</key>
						<string>B05F05EB1C9957240048BB13</string>
					</dict>
					<key>B05F060F1C9957240048BB13</key>
					<dict>
						<key>CreatedOnToolsVersion</key>
						<string>7.2.1</string>
						<key>TestTargetID</key>
						<string>B05F05EB1C9957240048BB13</string>
					</dict>
				</dict>
			</dict>
			<key>buildConfigurationList</key>
			<string>B05F05E71C9957240048BB13</string>
			<key>compatibilityVersion</key>
			<string>Xcode 3.2</string>
			<key>developmentRegion</key>
			<string>English</string>
			<key>hasScannedForEncodings</key>
			<string>0</string>
			<key>isa</key>
			<string>PBXProject</string>
			<key>knownRegions</key>
			<array>
				<string>en</string>
				<string>Base</string>
			</array>
			<key>mainGroup</key>
			<string>B05F05E31C9957240048BB13</string>
			<key>productRefGroup</key>
			<string>B05F05ED1C9957240048BB13</string>
			<key>projectDirPath</key>
			<string></string>
			<key>projectReferences</key>
			<array/>
			<key>projectRoot</key>
			<string></string>
			<key>targets</key>
			<array>
				<string>B05F05EB1C9957240048BB13</string>
				<string>B05F06041C9957240048BB13</string>
				<string>B05F060F1C9957240048BB13</string>
			</array>
		</dict>
		<key>B05F05E71C9957240048BB13</key>
		<dict>
			<key>buildConfigurations</key>
			<array>
				<string>B05F06171C9957240048BB13</string>
				<string>B05F06181C9957240048BB13</string>
			</array>
			<key>defaultConfigurationIsVisible</key>
			<string>0</string>
			<key>defaultConfigurationName</key>
			<string>Release</string>
			<key>isa</key>
			<string>XCConfigurationList</string>
		</dict>
		<key>B05F05E81C9957240048BB13</key>
		<dict>
			<key>buildActionMask</key>
			<string>2147483647</string>
			<key>files</key>
			<array>
				<string>B03133181CB4B3C9005E4E3D</string>
				<string>B03133151CB4B259005E4E3D</string>
				<string>B07E47C41CB3B44900F1D5DD</string>
				<string>B0F5895C1CB50AB900BEE18A</string>
				<string>B07E47BE1CB3AD4900F1D5DD</string>
				<string>B05F05F71C9957240048BB13</string>
				<string>B05F05F41C9957240048BB13</string>
				<string>B05F06251C995F5D0048BB13</string>
				<string>C47796C51D82B0F500B9699F</string>
				<string>6C6425831D90CC7700BECF5F</string>
				<string>B05F06281C995FDA0048BB13</string>
				<string>B05F05F11C9957240048BB13</string>
				<string>B07E47BB1CB3AA3B00F1D5DD</string>
				<string>C47796C21D82B0CC00B9699F</string>
				<string>B03133201CB4D84B005E4E3D</string>
				<string>B0F589561CB507CC00BEE18A</string>
				<string>C47796BF1D82B0B200B9699F</string>
				<string>B0F589531CB5064900BEE18A</string>
				<string>B0F589591CB5086600BEE18A</string>
			</array>
			<key>isa</key>
			<string>PBXSourcesBuildPhase</string>
			<key>runOnlyForDeploymentPostprocessing</key>
			<string>0</string>
		</dict>
		<key>B05F05E91C9957240048BB13</key>
		<dict>
			<key>buildActionMask</key>
			<string>2147483647</string>
			<key>files</key>
			<array>
				<string>073E09F4F262A7B5CAC61350</string>
			</array>
			<key>isa</key>
			<string>PBXFrameworksBuildPhase</string>
			<key>runOnlyForDeploymentPostprocessing</key>
			<string>0</string>
		</dict>
		<key>B05F05EA1C9957240048BB13</key>
		<dict>
			<key>buildActionMask</key>
			<string>2147483647</string>
			<key>files</key>
			<array>
				<string>B05F05FF1C9957240048BB13</string>
				<string>B05F05FC1C9957240048BB13</string>
				<string>B05F05FA1C9957240048BB13</string>
			</array>
			<key>isa</key>
			<string>PBXResourcesBuildPhase</string>
			<key>runOnlyForDeploymentPostprocessing</key>
			<string>0</string>
		</dict>
		<key>B05F05EB1C9957240048BB13</key>
		<dict>
			<key>buildConfigurationList</key>
			<string>B05F06191C9957240048BB13</string>
			<key>buildPhases</key>
			<array>
				<string>8B11C822589477808E573751</string>
				<string>B05F05E81C9957240048BB13</string>
				<string>B05F05E91C9957240048BB13</string>
				<string>B05F05EA1C9957240048BB13</string>
				<string>78E463970A645E5EDE5B924B</string>
				<string>6884E03490D2E96C04E88A9D</string>
			</array>
			<key>buildRules</key>
			<array/>
			<key>dependencies</key>
			<array/>
			<key>isa</key>
			<string>PBXNativeTarget</string>
			<key>name</key>
			<string>TFTableViewDataSource</string>
			<key>productName</key>
			<string>TFTableViewDataSource</string>
			<key>productReference</key>
			<string>B05F05EC1C9957240048BB13</string>
			<key>productType</key>
			<string>com.apple.product-type.application</string>
		</dict>
		<key>B05F05EC1C9957240048BB13</key>
		<dict>
			<key>explicitFileType</key>
			<string>wrapper.application</string>
			<key>includeInIndex</key>
			<string>0</string>
			<key>isa</key>
			<string>PBXFileReference</string>
			<key>path</key>
			<string>TFTableViewDataSource.app</string>
			<key>sourceTree</key>
			<string>BUILT_PRODUCTS_DIR</string>
		</dict>
		<key>B05F05ED1C9957240048BB13</key>
		<dict>
			<key>children</key>
			<array>
				<string>B05F05EC1C9957240048BB13</string>
				<string>B05F06051C9957240048BB13</string>
				<string>B05F06101C9957240048BB13</string>
			</array>
			<key>isa</key>
			<string>PBXGroup</string>
			<key>name</key>
			<string>Products</string>
			<key>sourceTree</key>
			<string>&lt;group&gt;</string>
		</dict>
		<key>B05F05EE1C9957240048BB13</key>
		<dict>
			<key>children</key>
			<array>
				<string>B05F06221C9957460048BB13</string>
				<string>B05F05F21C9957240048BB13</string>
				<string>B05F05F31C9957240048BB13</string>
				<string>B03133121CB4B23E005E4E3D</string>
				<string>B05F05F51C9957240048BB13</string>
				<string>B05F05F61C9957240048BB13</string>
				<string>B05F05F81C9957240048BB13</string>
				<string>B05F05FB1C9957240048BB13</string>
				<string>B05F05FD1C9957240048BB13</string>
				<string>B05F06001C9957240048BB13</string>
				<string>B05F05EF1C9957240048BB13</string>
				<string>B07E47B91CB3AA3B00F1D5DD</string>
				<string>B07E47BA1CB3AA3B00F1D5DD</string>
			</array>
			<key>isa</key>
			<string>PBXGroup</string>
			<key>path</key>
			<string>TFTableViewDataSource</string>
			<key>sourceTree</key>
			<string>&lt;group&gt;</string>
		</dict>
		<key>B05F05EF1C9957240048BB13</key>
		<dict>
			<key>children</key>
			<array>
				<string>B05F05F01C9957240048BB13</string>
			</array>
			<key>isa</key>
			<string>PBXGroup</string>
			<key>name</key>
			<string>Supporting Files</string>
			<key>sourceTree</key>
			<string>&lt;group&gt;</string>
		</dict>
		<key>B05F05F01C9957240048BB13</key>
		<dict>
			<key>isa</key>
			<string>PBXFileReference</string>
			<key>lastKnownFileType</key>
			<string>sourcecode.c.objc</string>
			<key>path</key>
			<string>main.m</string>
			<key>sourceTree</key>
			<string>&lt;group&gt;</string>
		</dict>
		<key>B05F05F11C9957240048BB13</key>
		<dict>
			<key>fileRef</key>
			<string>B05F05F01C9957240048BB13</string>
			<key>isa</key>
			<string>PBXBuildFile</string>
		</dict>
		<key>B05F05F21C9957240048BB13</key>
		<dict>
			<key>isa</key>
			<string>PBXFileReference</string>
			<key>lastKnownFileType</key>
			<string>sourcecode.c.h</string>
			<key>path</key>
			<string>AppDelegate.h</string>
			<key>sourceTree</key>
			<string>&lt;group&gt;</string>
		</dict>
		<key>B05F05F31C9957240048BB13</key>
		<dict>
			<key>isa</key>
			<string>PBXFileReference</string>
			<key>lastKnownFileType</key>
			<string>sourcecode.c.objc</string>
			<key>path</key>
			<string>AppDelegate.m</string>
			<key>sourceTree</key>
			<string>&lt;group&gt;</string>
		</dict>
		<key>B05F05F41C9957240048BB13</key>
		<dict>
			<key>fileRef</key>
			<string>B05F05F31C9957240048BB13</string>
			<key>isa</key>
			<string>PBXBuildFile</string>
		</dict>
		<key>B05F05F51C9957240048BB13</key>
		<dict>
			<key>isa</key>
			<string>PBXFileReference</string>
			<key>lastKnownFileType</key>
			<string>sourcecode.c.h</string>
			<key>path</key>
			<string>ViewController.h</string>
			<key>sourceTree</key>
			<string>&lt;group&gt;</string>
		</dict>
		<key>B05F05F61C9957240048BB13</key>
		<dict>
			<key>isa</key>
			<string>PBXFileReference</string>
			<key>lastKnownFileType</key>
			<string>sourcecode.c.objc</string>
			<key>path</key>
			<string>ViewController.m</string>
			<key>sourceTree</key>
			<string>&lt;group&gt;</string>
		</dict>
		<key>B05F05F71C9957240048BB13</key>
		<dict>
			<key>fileRef</key>
			<string>B05F05F61C9957240048BB13</string>
			<key>isa</key>
			<string>PBXBuildFile</string>
		</dict>
		<key>B05F05F81C9957240048BB13</key>
		<dict>
			<key>children</key>
			<array>
				<string>B05F05F91C9957240048BB13</string>
			</array>
			<key>isa</key>
			<string>PBXVariantGroup</string>
			<key>name</key>
			<string>Main.storyboard</string>
			<key>sourceTree</key>
			<string>&lt;group&gt;</string>
		</dict>
		<key>B05F05F91C9957240048BB13</key>
		<dict>
			<key>isa</key>
			<string>PBXFileReference</string>
			<key>lastKnownFileType</key>
			<string>file.storyboard</string>
			<key>name</key>
			<string>Base</string>
			<key>path</key>
			<string>Base.lproj/Main.storyboard</string>
			<key>sourceTree</key>
			<string>&lt;group&gt;</string>
		</dict>
		<key>B05F05FA1C9957240048BB13</key>
		<dict>
			<key>fileRef</key>
			<string>B05F05F81C9957240048BB13</string>
			<key>isa</key>
			<string>PBXBuildFile</string>
		</dict>
		<key>B05F05FB1C9957240048BB13</key>
		<dict>
			<key>isa</key>
			<string>PBXFileReference</string>
			<key>lastKnownFileType</key>
			<string>folder.assetcatalog</string>
			<key>path</key>
			<string>Assets.xcassets</string>
			<key>sourceTree</key>
			<string>&lt;group&gt;</string>
		</dict>
		<key>B05F05FC1C9957240048BB13</key>
		<dict>
			<key>fileRef</key>
			<string>B05F05FB1C9957240048BB13</string>
			<key>isa</key>
			<string>PBXBuildFile</string>
		</dict>
		<key>B05F05FD1C9957240048BB13</key>
		<dict>
			<key>children</key>
			<array>
				<string>B05F05FE1C9957240048BB13</string>
			</array>
			<key>isa</key>
			<string>PBXVariantGroup</string>
			<key>name</key>
			<string>LaunchScreen.storyboard</string>
			<key>sourceTree</key>
			<string>&lt;group&gt;</string>
		</dict>
		<key>B05F05FE1C9957240048BB13</key>
		<dict>
			<key>isa</key>
			<string>PBXFileReference</string>
			<key>lastKnownFileType</key>
			<string>file.storyboard</string>
			<key>name</key>
			<string>Base</string>
			<key>path</key>
			<string>Base.lproj/LaunchScreen.storyboard</string>
			<key>sourceTree</key>
			<string>&lt;group&gt;</string>
		</dict>
		<key>B05F05FF1C9957240048BB13</key>
		<dict>
			<key>fileRef</key>
			<string>B05F05FD1C9957240048BB13</string>
			<key>isa</key>
			<string>PBXBuildFile</string>
		</dict>
		<key>B05F06001C9957240048BB13</key>
		<dict>
			<key>isa</key>
			<string>PBXFileReference</string>
			<key>lastKnownFileType</key>
			<string>text.plist.xml</string>
			<key>path</key>
			<string>Info.plist</string>
			<key>sourceTree</key>
			<string>&lt;group&gt;</string>
		</dict>
		<key>B05F06011C9957240048BB13</key>
		<dict>
			<key>buildActionMask</key>
			<string>2147483647</string>
			<key>files</key>
			<array>
				<string>B05F060A1C9957240048BB13</string>
			</array>
			<key>isa</key>
			<string>PBXSourcesBuildPhase</string>
			<key>runOnlyForDeploymentPostprocessing</key>
			<string>0</string>
		</dict>
		<key>B05F06021C9957240048BB13</key>
		<dict>
			<key>buildActionMask</key>
			<string>2147483647</string>
			<key>files</key>
			<array/>
			<key>isa</key>
			<string>PBXFrameworksBuildPhase</string>
			<key>runOnlyForDeploymentPostprocessing</key>
			<string>0</string>
		</dict>
		<key>B05F06031C9957240048BB13</key>
		<dict>
			<key>buildActionMask</key>
			<string>2147483647</string>
			<key>files</key>
			<array/>
			<key>isa</key>
			<string>PBXResourcesBuildPhase</string>
			<key>runOnlyForDeploymentPostprocessing</key>
			<string>0</string>
		</dict>
		<key>B05F06041C9957240048BB13</key>
		<dict>
			<key>buildConfigurationList</key>
			<string>B05F061C1C9957240048BB13</string>
			<key>buildPhases</key>
			<array>
				<string>B05F06011C9957240048BB13</string>
				<string>B05F06021C9957240048BB13</string>
				<string>B05F06031C9957240048BB13</string>
			</array>
			<key>buildRules</key>
			<array/>
			<key>dependencies</key>
			<array>
				<string>B05F06071C9957240048BB13</string>
			</array>
			<key>isa</key>
			<string>PBXNativeTarget</string>
			<key>name</key>
			<string>TFTableViewDataSourceTests</string>
			<key>productName</key>
			<string>TFTableViewDataSourceTests</string>
			<key>productReference</key>
			<string>B05F06051C9957240048BB13</string>
			<key>productType</key>
			<string>com.apple.product-type.bundle.unit-test</string>
		</dict>
		<key>B05F06051C9957240048BB13</key>
		<dict>
			<key>explicitFileType</key>
			<string>wrapper.cfbundle</string>
			<key>includeInIndex</key>
			<string>0</string>
			<key>isa</key>
			<string>PBXFileReference</string>
			<key>path</key>
			<string>TFTableViewDataSourceTests.xctest</string>
			<key>sourceTree</key>
			<string>BUILT_PRODUCTS_DIR</string>
		</dict>
		<key>B05F06061C9957240048BB13</key>
		<dict>
			<key>containerPortal</key>
			<string>B05F05E41C9957240048BB13</string>
			<key>isa</key>
			<string>PBXContainerItemProxy</string>
			<key>proxyType</key>
			<string>1</string>
			<key>remoteGlobalIDString</key>
			<string>B05F05EB1C9957240048BB13</string>
			<key>remoteInfo</key>
			<string>TFTableViewDataSource</string>
		</dict>
		<key>B05F06071C9957240048BB13</key>
		<dict>
			<key>isa</key>
			<string>PBXTargetDependency</string>
			<key>target</key>
			<string>B05F05EB1C9957240048BB13</string>
			<key>targetProxy</key>
			<string>B05F06061C9957240048BB13</string>
		</dict>
		<key>B05F06081C9957240048BB13</key>
		<dict>
			<key>children</key>
			<array>
				<string>B05F06091C9957240048BB13</string>
				<string>B05F060B1C9957240048BB13</string>
			</array>
			<key>isa</key>
			<string>PBXGroup</string>
			<key>path</key>
			<string>TFTableViewDataSourceTests</string>
			<key>sourceTree</key>
			<string>&lt;group&gt;</string>
		</dict>
		<key>B05F06091C9957240048BB13</key>
		<dict>
			<key>isa</key>
			<string>PBXFileReference</string>
			<key>lastKnownFileType</key>
			<string>sourcecode.c.objc</string>
			<key>path</key>
			<string>TFTableViewDataSourceTests.m</string>
			<key>sourceTree</key>
			<string>&lt;group&gt;</string>
		</dict>
		<key>B05F060A1C9957240048BB13</key>
		<dict>
			<key>fileRef</key>
			<string>B05F06091C9957240048BB13</string>
			<key>isa</key>
			<string>PBXBuildFile</string>
		</dict>
		<key>B05F060B1C9957240048BB13</key>
		<dict>
			<key>isa</key>
			<string>PBXFileReference</string>
			<key>lastKnownFileType</key>
			<string>text.plist.xml</string>
			<key>path</key>
			<string>Info.plist</string>
			<key>sourceTree</key>
			<string>&lt;group&gt;</string>
		</dict>
		<key>B05F060C1C9957240048BB13</key>
		<dict>
			<key>buildActionMask</key>
			<string>2147483647</string>
			<key>files</key>
			<array>
				<string>B05F06151C9957240048BB13</string>
			</array>
			<key>isa</key>
			<string>PBXSourcesBuildPhase</string>
			<key>runOnlyForDeploymentPostprocessing</key>
			<string>0</string>
		</dict>
		<key>B05F060D1C9957240048BB13</key>
		<dict>
			<key>buildActionMask</key>
			<string>2147483647</string>
			<key>files</key>
			<array/>
			<key>isa</key>
			<string>PBXFrameworksBuildPhase</string>
			<key>runOnlyForDeploymentPostprocessing</key>
			<string>0</string>
		</dict>
		<key>B05F060E1C9957240048BB13</key>
		<dict>
			<key>buildActionMask</key>
			<string>2147483647</string>
			<key>files</key>
			<array/>
			<key>isa</key>
			<string>PBXResourcesBuildPhase</string>
			<key>runOnlyForDeploymentPostprocessing</key>
			<string>0</string>
		</dict>
		<key>B05F060F1C9957240048BB13</key>
		<dict>
			<key>buildConfigurationList</key>
			<string>B05F061F1C9957240048BB13</string>
			<key>buildPhases</key>
			<array>
				<string>B05F060C1C9957240048BB13</string>
				<string>B05F060D1C9957240048BB13</string>
				<string>B05F060E1C9957240048BB13</string>
			</array>
			<key>buildRules</key>
			<array/>
			<key>dependencies</key>
			<array>
				<string>B05F06121C9957240048BB13</string>
			</array>
			<key>isa</key>
			<string>PBXNativeTarget</string>
			<key>name</key>
			<string>TFTableViewDataSourceUITests</string>
			<key>productName</key>
			<string>TFTableViewDataSourceUITests</string>
			<key>productReference</key>
			<string>B05F06101C9957240048BB13</string>
			<key>productType</key>
			<string>com.apple.product-type.bundle.ui-testing</string>
		</dict>
		<key>B05F06101C9957240048BB13</key>
		<dict>
			<key>explicitFileType</key>
			<string>wrapper.cfbundle</string>
			<key>includeInIndex</key>
			<string>0</string>
			<key>isa</key>
			<string>PBXFileReference</string>
			<key>path</key>
			<string>TFTableViewDataSourceUITests.xctest</string>
			<key>sourceTree</key>
			<string>BUILT_PRODUCTS_DIR</string>
		</dict>
		<key>B05F06111C9957240048BB13</key>
		<dict>
			<key>containerPortal</key>
			<string>B05F05E41C9957240048BB13</string>
			<key>isa</key>
			<string>PBXContainerItemProxy</string>
			<key>proxyType</key>
			<string>1</string>
			<key>remoteGlobalIDString</key>
			<string>B05F05EB1C9957240048BB13</string>
			<key>remoteInfo</key>
			<string>TFTableViewDataSource</string>
		</dict>
		<key>B05F06121C9957240048BB13</key>
		<dict>
			<key>isa</key>
			<string>PBXTargetDependency</string>
			<key>target</key>
			<string>B05F05EB1C9957240048BB13</string>
			<key>targetProxy</key>
			<string>B05F06111C9957240048BB13</string>
		</dict>
		<key>B05F06131C9957240048BB13</key>
		<dict>
			<key>children</key>
			<array>
				<string>B05F06141C9957240048BB13</string>
				<string>B05F06161C9957240048BB13</string>
			</array>
			<key>isa</key>
			<string>PBXGroup</string>
			<key>path</key>
			<string>TFTableViewDataSourceUITests</string>
			<key>sourceTree</key>
			<string>&lt;group&gt;</string>
		</dict>
		<key>B05F06141C9957240048BB13</key>
		<dict>
			<key>isa</key>
			<string>PBXFileReference</string>
			<key>lastKnownFileType</key>
			<string>sourcecode.c.objc</string>
			<key>path</key>
			<string>TFTableViewDataSourceUITests.m</string>
			<key>sourceTree</key>
			<string>&lt;group&gt;</string>
		</dict>
		<key>B05F06151C9957240048BB13</key>
		<dict>
			<key>fileRef</key>
			<string>B05F06141C9957240048BB13</string>
			<key>isa</key>
			<string>PBXBuildFile</string>
		</dict>
		<key>B05F06161C9957240048BB13</key>
		<dict>
			<key>isa</key>
			<string>PBXFileReference</string>
			<key>lastKnownFileType</key>
			<string>text.plist.xml</string>
			<key>path</key>
			<string>Info.plist</string>
			<key>sourceTree</key>
			<string>&lt;group&gt;</string>
		</dict>
		<key>B05F06171C9957240048BB13</key>
		<dict>
			<key>buildSettings</key>
			<dict>
				<key>ALWAYS_SEARCH_USER_PATHS</key>
				<string>NO</string>
				<key>CLANG_CXX_LANGUAGE_STANDARD</key>
				<string>gnu++0x</string>
				<key>CLANG_CXX_LIBRARY</key>
				<string>libc++</string>
				<key>CLANG_ENABLE_MODULES</key>
				<string>YES</string>
				<key>CLANG_ENABLE_OBJC_ARC</key>
				<string>YES</string>
				<key>CLANG_WARN_BOOL_CONVERSION</key>
				<string>YES</string>
				<key>CLANG_WARN_CONSTANT_CONVERSION</key>
				<string>YES</string>
				<key>CLANG_WARN_DIRECT_OBJC_ISA_USAGE</key>
				<string>YES_ERROR</string>
				<key>CLANG_WARN_EMPTY_BODY</key>
				<string>YES</string>
				<key>CLANG_WARN_ENUM_CONVERSION</key>
				<string>YES</string>
				<key>CLANG_WARN_INFINITE_RECURSION</key>
				<string>YES</string>
				<key>CLANG_WARN_INT_CONVERSION</key>
				<string>YES</string>
				<key>CLANG_WARN_OBJC_ROOT_CLASS</key>
				<string>YES_ERROR</string>
				<key>CLANG_WARN_SUSPICIOUS_MOVE</key>
				<string>YES</string>
				<key>CLANG_WARN_UNREACHABLE_CODE</key>
				<string>YES</string>
				<key>CLANG_WARN__DUPLICATE_METHOD_MATCH</key>
				<string>YES</string>
				<key>CODE_SIGN_IDENTITY[sdk=iphoneos*]</key>
				<string>iPhone Developer</string>
				<key>COPY_PHASE_STRIP</key>
				<string>NO</string>
				<key>DEBUG_INFORMATION_FORMAT</key>
				<string>dwarf</string>
				<key>ENABLE_STRICT_OBJC_MSGSEND</key>
				<string>YES</string>
				<key>ENABLE_TESTABILITY</key>
				<string>YES</string>
				<key>GCC_C_LANGUAGE_STANDARD</key>
				<string>gnu99</string>
				<key>GCC_DYNAMIC_NO_PIC</key>
				<string>NO</string>
				<key>GCC_NO_COMMON_BLOCKS</key>
				<string>YES</string>
				<key>GCC_OPTIMIZATION_LEVEL</key>
				<string>0</string>
				<key>GCC_PREPROCESSOR_DEFINITIONS</key>
				<array>
					<string>DEBUG=1</string>
					<string>$(inherited)</string>
				</array>
				<key>GCC_WARN_64_TO_32_BIT_CONVERSION</key>
				<string>YES</string>
				<key>GCC_WARN_ABOUT_RETURN_TYPE</key>
				<string>YES_ERROR</string>
				<key>GCC_WARN_UNDECLARED_SELECTOR</key>
				<string>YES</string>
				<key>GCC_WARN_UNINITIALIZED_AUTOS</key>
				<string>YES_AGGRESSIVE</string>
				<key>GCC_WARN_UNUSED_FUNCTION</key>
				<string>YES</string>
				<key>GCC_WARN_UNUSED_VARIABLE</key>
				<string>YES</string>
				<key>IPHONEOS_DEPLOYMENT_TARGET</key>
				<string>9.2</string>
				<key>MTL_ENABLE_DEBUG_INFO</key>
				<string>YES</string>
				<key>ONLY_ACTIVE_ARCH</key>
				<string>YES</string>
				<key>SDKROOT</key>
				<string>iphoneos</string>
			</dict>
			<key>isa</key>
			<string>XCBuildConfiguration</string>
			<key>name</key>
			<string>Debug</string>
		</dict>
		<key>B05F06181C9957240048BB13</key>
		<dict>
			<key>buildSettings</key>
			<dict>
				<key>ALWAYS_SEARCH_USER_PATHS</key>
				<string>NO</string>
				<key>CLANG_CXX_LANGUAGE_STANDARD</key>
				<string>gnu++0x</string>
				<key>CLANG_CXX_LIBRARY</key>
				<string>libc++</string>
				<key>CLANG_ENABLE_MODULES</key>
				<string>YES</string>
				<key>CLANG_ENABLE_OBJC_ARC</key>
				<string>YES</string>
				<key>CLANG_WARN_BOOL_CONVERSION</key>
				<string>YES</string>
				<key>CLANG_WARN_CONSTANT_CONVERSION</key>
				<string>YES</string>
				<key>CLANG_WARN_DIRECT_OBJC_ISA_USAGE</key>
				<string>YES_ERROR</string>
				<key>CLANG_WARN_EMPTY_BODY</key>
				<string>YES</string>
				<key>CLANG_WARN_ENUM_CONVERSION</key>
				<string>YES</string>
				<key>CLANG_WARN_INFINITE_RECURSION</key>
				<string>YES</string>
				<key>CLANG_WARN_INT_CONVERSION</key>
				<string>YES</string>
				<key>CLANG_WARN_OBJC_ROOT_CLASS</key>
				<string>YES_ERROR</string>
				<key>CLANG_WARN_SUSPICIOUS_MOVE</key>
				<string>YES</string>
				<key>CLANG_WARN_UNREACHABLE_CODE</key>
				<string>YES</string>
				<key>CLANG_WARN__DUPLICATE_METHOD_MATCH</key>
				<string>YES</string>
				<key>CODE_SIGN_IDENTITY[sdk=iphoneos*]</key>
				<string>iPhone Developer</string>
				<key>COPY_PHASE_STRIP</key>
				<string>NO</string>
				<key>DEBUG_INFORMATION_FORMAT</key>
				<string>dwarf-with-dsym</string>
				<key>ENABLE_NS_ASSERTIONS</key>
				<string>NO</string>
				<key>ENABLE_STRICT_OBJC_MSGSEND</key>
				<string>YES</string>
				<key>GCC_C_LANGUAGE_STANDARD</key>
				<string>gnu99</string>
				<key>GCC_NO_COMMON_BLOCKS</key>
				<string>YES</string>
				<key>GCC_WARN_64_TO_32_BIT_CONVERSION</key>
				<string>YES</string>
				<key>GCC_WARN_ABOUT_RETURN_TYPE</key>
				<string>YES_ERROR</string>
				<key>GCC_WARN_UNDECLARED_SELECTOR</key>
				<string>YES</string>
				<key>GCC_WARN_UNINITIALIZED_AUTOS</key>
				<string>YES_AGGRESSIVE</string>
				<key>GCC_WARN_UNUSED_FUNCTION</key>
				<string>YES</string>
				<key>GCC_WARN_UNUSED_VARIABLE</key>
				<string>YES</string>
				<key>IPHONEOS_DEPLOYMENT_TARGET</key>
				<string>9.2</string>
				<key>MTL_ENABLE_DEBUG_INFO</key>
				<string>NO</string>
				<key>SDKROOT</key>
				<string>iphoneos</string>
				<key>VALIDATE_PRODUCT</key>
				<string>YES</string>
			</dict>
			<key>isa</key>
			<string>XCBuildConfiguration</string>
			<key>name</key>
			<string>Release</string>
		</dict>
		<key>B05F06191C9957240048BB13</key>
		<dict>
			<key>buildConfigurations</key>
			<array>
				<string>B05F061A1C9957240048BB13</string>
				<string>B05F061B1C9957240048BB13</string>
			</array>
			<key>defaultConfigurationIsVisible</key>
			<string>0</string>
			<key>defaultConfigurationName</key>
			<string>Release</string>
			<key>isa</key>
			<string>XCConfigurationList</string>
		</dict>
		<key>B05F061A1C9957240048BB13</key>
		<dict>
			<key>baseConfigurationReference</key>
			<string>D5A1AF50BF755BBCEF332BC3</string>
			<key>buildSettings</key>
			<dict>
				<key>ASSETCATALOG_COMPILER_APPICON_NAME</key>
				<string>AppIcon</string>
				<key>DEVELOPMENT_TEAM</key>
				<string>N7HPU2D4KX</string>
				<key>INFOPLIST_FILE</key>
				<string>TFTableViewDataSource/Info.plist</string>
				<key>LD_RUNPATH_SEARCH_PATHS</key>
				<string>$(inherited) @executable_path/Frameworks</string>
				<key>PRODUCT_BUNDLE_IDENTIFIER</key>
				<string>cn.timeface.base.TFTableViewDataSource</string>
				<key>PRODUCT_NAME</key>
				<string>$(TARGET_NAME)</string>
				<key>PROVISIONING_PROFILE</key>
				<string>9e8080ff-0637-4766-8897-a582bcd31d6a</string>
				<key>PROVISIONING_PROFILE_SPECIFIER</key>
				<string>base app_dev</string>
			</dict>
			<key>isa</key>
			<string>XCBuildConfiguration</string>
			<key>name</key>
			<string>Debug</string>
		</dict>
		<key>B05F061B1C9957240048BB13</key>
		<dict>
			<key>baseConfigurationReference</key>
			<string>AA1842811E810F93BC20A26D</string>
			<key>buildSettings</key>
			<dict>
				<key>ASSETCATALOG_COMPILER_APPICON_NAME</key>
				<string>AppIcon</string>
				<key>DEVELOPMENT_TEAM</key>
				<string></string>
				<key>INFOPLIST_FILE</key>
				<string>TFTableViewDataSource/Info.plist</string>
				<key>LD_RUNPATH_SEARCH_PATHS</key>
				<string>$(inherited) @executable_path/Frameworks</string>
				<key>PRODUCT_BUNDLE_IDENTIFIER</key>
				<string>cn.timeface.base.TFTableViewDataSource</string>
				<key>PRODUCT_NAME</key>
				<string>$(TARGET_NAME)</string>
			</dict>
			<key>isa</key>
			<string>XCBuildConfiguration</string>
			<key>name</key>
			<string>Release</string>
		</dict>
		<key>B05F061C1C9957240048BB13</key>
		<dict>
			<key>buildConfigurations</key>
			<array>
				<string>B05F061D1C9957240048BB13</string>
				<string>B05F061E1C9957240048BB13</string>
			</array>
			<key>defaultConfigurationIsVisible</key>
			<string>0</string>
			<key>defaultConfigurationName</key>
			<string>Release</string>
			<key>isa</key>
			<string>XCConfigurationList</string>
		</dict>
		<key>B05F061D1C9957240048BB13</key>
		<dict>
			<key>buildSettings</key>
			<dict>
				<key>BUNDLE_LOADER</key>
				<string>$(TEST_HOST)</string>
				<key>INFOPLIST_FILE</key>
				<string>TFTableViewDataSourceTests/Info.plist</string>
				<key>LD_RUNPATH_SEARCH_PATHS</key>
				<string>$(inherited) @executable_path/Frameworks @loader_path/Frameworks</string>
				<key>PRODUCT_BUNDLE_IDENTIFIER</key>
				<string>cn.timeface.base.TFTableViewDataSourceTests</string>
				<key>PRODUCT_NAME</key>
				<string>$(TARGET_NAME)</string>
				<key>TEST_HOST</key>
				<string>$(BUILT_PRODUCTS_DIR)/TFTableViewDataSource.app/TFTableViewDataSource</string>
			</dict>
			<key>isa</key>
			<string>XCBuildConfiguration</string>
			<key>name</key>
			<string>Debug</string>
		</dict>
		<key>B05F061E1C9957240048BB13</key>
		<dict>
			<key>buildSettings</key>
			<dict>
				<key>BUNDLE_LOADER</key>
				<string>$(TEST_HOST)</string>
				<key>INFOPLIST_FILE</key>
				<string>TFTableViewDataSourceTests/Info.plist</string>
				<key>LD_RUNPATH_SEARCH_PATHS</key>
				<string>$(inherited) @executable_path/Frameworks @loader_path/Frameworks</string>
				<key>PRODUCT_BUNDLE_IDENTIFIER</key>
				<string>cn.timeface.base.TFTableViewDataSourceTests</string>
				<key>PRODUCT_NAME</key>
				<string>$(TARGET_NAME)</string>
				<key>TEST_HOST</key>
				<string>$(BUILT_PRODUCTS_DIR)/TFTableViewDataSource.app/TFTableViewDataSource</string>
			</dict>
			<key>isa</key>
			<string>XCBuildConfiguration</string>
			<key>name</key>
			<string>Release</string>
		</dict>
		<key>B05F061F1C9957240048BB13</key>
		<dict>
			<key>buildConfigurations</key>
			<array>
				<string>B05F06201C9957240048BB13</string>
				<string>B05F06211C9957240048BB13</string>
			</array>
			<key>defaultConfigurationIsVisible</key>
			<string>0</string>
			<key>defaultConfigurationName</key>
			<string>Release</string>
			<key>isa</key>
			<string>XCConfigurationList</string>
		</dict>
		<key>B05F06201C9957240048BB13</key>
		<dict>
			<key>buildSettings</key>
			<dict>
				<key>INFOPLIST_FILE</key>
				<string>TFTableViewDataSourceUITests/Info.plist</string>
				<key>LD_RUNPATH_SEARCH_PATHS</key>
				<string>$(inherited) @executable_path/Frameworks @loader_path/Frameworks</string>
				<key>PRODUCT_BUNDLE_IDENTIFIER</key>
				<string>cn.timeface.base.TFTableViewDataSourceUITests</string>
				<key>PRODUCT_NAME</key>
				<string>$(TARGET_NAME)</string>
				<key>TEST_TARGET_NAME</key>
				<string>TFTableViewDataSource</string>
				<key>USES_XCTRUNNER</key>
				<string>YES</string>
			</dict>
			<key>isa</key>
			<string>XCBuildConfiguration</string>
			<key>name</key>
			<string>Debug</string>
		</dict>
		<key>B05F06211C9957240048BB13</key>
		<dict>
			<key>buildSettings</key>
			<dict>
				<key>INFOPLIST_FILE</key>
				<string>TFTableViewDataSourceUITests/Info.plist</string>
				<key>LD_RUNPATH_SEARCH_PATHS</key>
				<string>$(inherited) @executable_path/Frameworks @loader_path/Frameworks</string>
				<key>PRODUCT_BUNDLE_IDENTIFIER</key>
				<string>cn.timeface.base.TFTableViewDataSourceUITests</string>
				<key>PRODUCT_NAME</key>
				<string>$(TARGET_NAME)</string>
				<key>TEST_TARGET_NAME</key>
				<string>TFTableViewDataSource</string>
				<key>USES_XCTRUNNER</key>
				<string>YES</string>
			</dict>
			<key>isa</key>
			<string>XCBuildConfiguration</string>
			<key>name</key>
			<string>Release</string>
		</dict>
		<key>B05F06221C9957460048BB13</key>
		<dict>
			<key>children</key>
			<array>
				<string>C48C78901D82A748003589B8</string>
				<string>B031331A1CB4B963005E4E3D</string>
				<string>B05F06231C995F5D0048BB13</string>
				<string>B05F06241C995F5D0048BB13</string>
				<string>B07E47C21CB3B44900F1D5DD</string>
				<string>B07E47C31CB3B44900F1D5DD</string>
				<string>B031331D1CB4D820005E4E3D</string>
				<string>B03133191CB4B62E005E4E3D</string>
				<string>6C6425811D90CC7700BECF5F</string>
				<string>6C6425821D90CC7700BECF5F</string>
			</array>
			<key>isa</key>
			<string>PBXGroup</string>
			<key>path</key>
			<string>TFTableViewDataSource</string>
			<key>sourceTree</key>
			<string>&lt;group&gt;</string>
		</dict>
		<key>B05F06231C995F5D0048BB13</key>
		<dict>
			<key>fileEncoding</key>
			<string>4</string>
			<key>isa</key>
			<string>PBXFileReference</string>
			<key>lastKnownFileType</key>
			<string>sourcecode.c.h</string>
			<key>path</key>
			<string>TFTableViewDataSource.h</string>
			<key>sourceTree</key>
			<string>&lt;group&gt;</string>
		</dict>
		<key>B05F06241C995F5D0048BB13</key>
		<dict>
			<key>fileEncoding</key>
			<string>4</string>
			<key>isa</key>
			<string>PBXFileReference</string>
			<key>lastKnownFileType</key>
			<string>sourcecode.c.objc</string>
			<key>path</key>
			<string>TFTableViewDataSource.m</string>
			<key>sourceTree</key>
			<string>&lt;group&gt;</string>
		</dict>
		<key>B05F06251C995F5D0048BB13</key>
		<dict>
			<key>fileRef</key>
			<string>B05F06241C995F5D0048BB13</string>
			<key>isa</key>
			<string>PBXBuildFile</string>
		</dict>
		<key>B05F06261C995FDA0048BB13</key>
		<dict>
			<key>fileEncoding</key>
			<string>4</string>
			<key>isa</key>
			<string>PBXFileReference</string>
			<key>lastKnownFileType</key>
			<string>sourcecode.c.h</string>
			<key>path</key>
			<string>TFTableViewDataManager.h</string>
			<key>sourceTree</key>
			<string>&lt;group&gt;</string>
		</dict>
		<key>B05F06271C995FDA0048BB13</key>
		<dict>
			<key>fileEncoding</key>
			<string>4</string>
			<key>isa</key>
			<string>PBXFileReference</string>
			<key>lastKnownFileType</key>
			<string>sourcecode.c.objc</string>
			<key>path</key>
			<string>TFTableViewDataManager.m</string>
			<key>sourceTree</key>
			<string>&lt;group&gt;</string>
		</dict>
		<key>B05F06281C995FDA0048BB13</key>
		<dict>
			<key>fileRef</key>
			<string>B05F06271C995FDA0048BB13</string>
			<key>isa</key>
			<string>PBXBuildFile</string>
		</dict>
		<key>B05F06291C995FED0048BB13</key>
		<dict>
			<key>fileEncoding</key>
			<string>4</string>
			<key>isa</key>
			<string>PBXFileReference</string>
			<key>lastKnownFileType</key>
			<string>sourcecode.c.h</string>
			<key>path</key>
			<string>TFTableViewDataManagerProtocol.h</string>
			<key>sourceTree</key>
			<string>&lt;group&gt;</string>
		</dict>
		<key>B07E47B91CB3AA3B00F1D5DD</key>
		<dict>
			<key>fileEncoding</key>
			<string>4</string>
			<key>isa</key>
			<string>PBXFileReference</string>
			<key>lastKnownFileType</key>
			<string>sourcecode.c.h</string>
			<key>path</key>
			<string>TFTableViewDataSource+Demo.h</string>
			<key>sourceTree</key>
			<string>&lt;group&gt;</string>
		</dict>
		<key>B07E47BA1CB3AA3B00F1D5DD</key>
		<dict>
			<key>fileEncoding</key>
			<string>4</string>
			<key>isa</key>
			<string>PBXFileReference</string>
			<key>lastKnownFileType</key>
			<string>sourcecode.c.objc</string>
			<key>path</key>
			<string>TFTableViewDataSource+Demo.m</string>
			<key>sourceTree</key>
			<string>&lt;group&gt;</string>
		</dict>
		<key>B07E47BB1CB3AA3B00F1D5DD</key>
		<dict>
			<key>fileRef</key>
			<string>B07E47BA1CB3AA3B00F1D5DD</string>
			<key>isa</key>
			<string>PBXBuildFile</string>
		</dict>
		<key>B07E47BC1CB3AD4900F1D5DD</key>
		<dict>
			<key>fileEncoding</key>
			<string>4</string>
			<key>isa</key>
			<string>PBXFileReference</string>
			<key>lastKnownFileType</key>
			<string>sourcecode.c.h</string>
			<key>name</key>
			<string>DemoTableViewDataSource.h</string>
			<key>path</key>
			<string>TFTableViewDataSource/DemoTableViewDataSource.h</string>
			<key>sourceTree</key>
			<string>SOURCE_ROOT</string>
		</dict>
		<key>B07E47BD1CB3AD4900F1D5DD</key>
		<dict>
			<key>fileEncoding</key>
			<string>4</string>
			<key>isa</key>
			<string>PBXFileReference</string>
			<key>lastKnownFileType</key>
			<string>sourcecode.c.objc</string>
			<key>name</key>
			<string>DemoTableViewDataSource.m</string>
			<key>path</key>
			<string>TFTableViewDataSource/DemoTableViewDataSource.m</string>
			<key>sourceTree</key>
			<string>SOURCE_ROOT</string>
		</dict>
		<key>B07E47BE1CB3AD4900F1D5DD</key>
		<dict>
			<key>fileRef</key>
			<string>B07E47BD1CB3AD4900F1D5DD</string>
			<key>isa</key>
			<string>PBXBuildFile</string>
		</dict>
		<key>B07E47C21CB3B44900F1D5DD</key>
		<dict>
			<key>fileEncoding</key>
			<string>4</string>
			<key>isa</key>
			<string>PBXFileReference</string>
			<key>lastKnownFileType</key>
			<string>sourcecode.c.h</string>
			<key>path</key>
			<string>TFTableViewDataSourceConfig.h</string>
			<key>sourceTree</key>
			<string>&lt;group&gt;</string>
		</dict>
		<key>B07E47C31CB3B44900F1D5DD</key>
		<dict>
			<key>fileEncoding</key>
			<string>4</string>
			<key>isa</key>
			<string>PBXFileReference</string>
			<key>lastKnownFileType</key>
			<string>sourcecode.c.objc</string>
			<key>path</key>
			<string>TFTableViewDataSourceConfig.m</string>
			<key>sourceTree</key>
			<string>&lt;group&gt;</string>
		</dict>
		<key>B07E47C41CB3B44900F1D5DD</key>
		<dict>
			<key>fileRef</key>
			<string>B07E47C31CB3B44900F1D5DD</string>
			<key>isa</key>
			<string>PBXBuildFile</string>
		</dict>
		<key>B0F589511CB5064900BEE18A</key>
		<dict>
			<key>fileEncoding</key>
			<string>4</string>
			<key>isa</key>
			<string>PBXFileReference</string>
			<key>lastKnownFileType</key>
			<string>sourcecode.c.h</string>
			<key>path</key>
			<string>TFModel.h</string>
			<key>sourceTree</key>
			<string>&lt;group&gt;</string>
		</dict>
		<key>B0F589521CB5064900BEE18A</key>
		<dict>
			<key>fileEncoding</key>
			<string>4</string>
			<key>isa</key>
			<string>PBXFileReference</string>
			<key>lastKnownFileType</key>
			<string>sourcecode.c.objc</string>
			<key>path</key>
			<string>TFModel.m</string>
			<key>sourceTree</key>
			<string>&lt;group&gt;</string>
		</dict>
		<key>B0F589531CB5064900BEE18A</key>
		<dict>
			<key>fileRef</key>
			<string>B0F589521CB5064900BEE18A</string>
			<key>isa</key>
			<string>PBXBuildFile</string>
		</dict>
		<key>B0F589541CB507CC00BEE18A</key>
		<dict>
			<key>fileEncoding</key>
			<string>4</string>
			<key>isa</key>
			<string>PBXFileReference</string>
			<key>lastKnownFileType</key>
			<string>sourcecode.c.h</string>
			<key>path</key>
			<string>TimeLineTableViewItem.h</string>
			<key>sourceTree</key>
			<string>&lt;group&gt;</string>
		</dict>
		<key>B0F589551CB507CC00BEE18A</key>
		<dict>
			<key>fileEncoding</key>
			<string>4</string>
			<key>isa</key>
			<string>PBXFileReference</string>
			<key>lastKnownFileType</key>
			<string>sourcecode.c.objc</string>
			<key>path</key>
			<string>TimeLineTableViewItem.m</string>
			<key>sourceTree</key>
			<string>&lt;group&gt;</string>
		</dict>
		<key>B0F589561CB507CC00BEE18A</key>
		<dict>
			<key>fileRef</key>
			<string>B0F589551CB507CC00BEE18A</string>
			<key>isa</key>
			<string>PBXBuildFile</string>
		</dict>
		<key>B0F589571CB5086600BEE18A</key>
		<dict>
			<key>fileEncoding</key>
			<string>4</string>
			<key>isa</key>
			<string>PBXFileReference</string>
			<key>lastKnownFileType</key>
			<string>sourcecode.c.h</string>
			<key>path</key>
			<string>TimeLineTableViewItemCellNode.h</string>
			<key>sourceTree</key>
			<string>&lt;group&gt;</string>
		</dict>
		<key>B0F589581CB5086600BEE18A</key>
		<dict>
			<key>fileEncoding</key>
			<string>4</string>
			<key>isa</key>
			<string>PBXFileReference</string>
			<key>lastKnownFileType</key>
			<string>sourcecode.c.objc</string>
			<key>path</key>
			<string>TimeLineTableViewItemCellNode.m</string>
			<key>sourceTree</key>
			<string>&lt;group&gt;</string>
		</dict>
		<key>B0F589591CB5086600BEE18A</key>
		<dict>
			<key>fileRef</key>
			<string>B0F589581CB5086600BEE18A</string>
			<key>isa</key>
			<string>PBXBuildFile</string>
		</dict>
		<key>B0F5895A1CB50AB900BEE18A</key>
		<dict>
			<key>fileEncoding</key>
			<string>4</string>
			<key>isa</key>
			<string>PBXFileReference</string>
			<key>lastKnownFileType</key>
			<string>sourcecode.c.h</string>
			<key>path</key>
			<string>TimeLineTextStyle.h</string>
			<key>sourceTree</key>
			<string>&lt;group&gt;</string>
		</dict>
		<key>B0F5895B1CB50AB900BEE18A</key>
		<dict>
			<key>fileEncoding</key>
			<string>4</string>
			<key>isa</key>
			<string>PBXFileReference</string>
			<key>lastKnownFileType</key>
			<string>sourcecode.c.objc</string>
			<key>path</key>
			<string>TimeLineTextStyle.m</string>
			<key>sourceTree</key>
			<string>&lt;group&gt;</string>
		</dict>
		<key>B0F5895C1CB50AB900BEE18A</key>
		<dict>
			<key>fileRef</key>
			<string>B0F5895B1CB50AB900BEE18A</string>
			<key>isa</key>
			<string>PBXBuildFile</string>
		</dict>
		<key>B3A2D84A78F8F018B32E0F4B</key>
		<dict>
			<key>children</key>
			<array>
				<string>D5A1AF50BF755BBCEF332BC3</string>
				<string>AA1842811E810F93BC20A26D</string>
			</array>
			<key>isa</key>
			<string>PBXGroup</string>
			<key>name</key>
			<string>Pods</string>
			<key>sourceTree</key>
			<string>&lt;group&gt;</string>
		</dict>
		<key>C47796BD1D82B0B200B9699F</key>
		<dict>
			<key>fileEncoding</key>
			<string>4</string>
			<key>isa</key>
			<string>PBXFileReference</string>
			<key>lastKnownFileType</key>
			<string>sourcecode.c.h</string>
			<key>path</key>
			<string>TFLoadingTableViewItem.h</string>
			<key>sourceTree</key>
			<string>&lt;group&gt;</string>
		</dict>
		<key>C47796BE1D82B0B200B9699F</key>
		<dict>
			<key>fileEncoding</key>
			<string>4</string>
			<key>isa</key>
			<string>PBXFileReference</string>
			<key>lastKnownFileType</key>
			<string>sourcecode.c.objc</string>
			<key>path</key>
			<string>TFLoadingTableViewItem.m</string>
			<key>sourceTree</key>
			<string>&lt;group&gt;</string>
		</dict>
		<key>C47796BF1D82B0B200B9699F</key>
		<dict>
			<key>fileRef</key>
			<string>C47796BE1D82B0B200B9699F</string>
			<key>isa</key>
			<string>PBXBuildFile</string>
		</dict>
		<key>C47796C01D82B0CC00B9699F</key>
		<dict>
			<key>fileEncoding</key>
			<string>4</string>
			<key>isa</key>
			<string>PBXFileReference</string>
			<key>lastKnownFileType</key>
			<string>sourcecode.c.h</string>
			<key>path</key>
			<string>TFLoadingTableViewItemCell.h</string>
			<key>sourceTree</key>
			<string>&lt;group&gt;</string>
		</dict>
		<key>C47796C11D82B0CC00B9699F</key>
		<dict>
			<key>fileEncoding</key>
			<string>4</string>
			<key>isa</key>
			<string>PBXFileReference</string>
			<key>lastKnownFileType</key>
			<string>sourcecode.c.objc</string>
			<key>path</key>
			<string>TFLoadingTableViewItemCell.m</string>
			<key>sourceTree</key>
			<string>&lt;group&gt;</string>
		</dict>
		<key>C47796C21D82B0CC00B9699F</key>
		<dict>
			<key>fileRef</key>
			<string>C47796C11D82B0CC00B9699F</string>
			<key>isa</key>
			<string>PBXBuildFile</string>
		</dict>
		<key>C47796C31D82B0F500B9699F</key>
		<dict>
			<key>fileEncoding</key>
			<string>4</string>
			<key>isa</key>
			<string>PBXFileReference</string>
			<key>lastKnownFileType</key>
			<string>sourcecode.c.h</string>
			<key>path</key>
			<string>TFLoadingTableViewItemCellNode.h</string>
			<key>sourceTree</key>
			<string>&lt;group&gt;</string>
		</dict>
		<key>C47796C41D82B0F500B9699F</key>
		<dict>
			<key>fileEncoding</key>
			<string>4</string>
			<key>isa</key>
			<string>PBXFileReference</string>
			<key>lastKnownFileType</key>
			<string>sourcecode.c.objc</string>
			<key>path</key>
			<string>TFLoadingTableViewItemCellNode.m</string>
			<key>sourceTree</key>
			<string>&lt;group&gt;</string>
		</dict>
		<key>C47796C51D82B0F500B9699F</key>
		<dict>
			<key>fileRef</key>
			<string>C47796C41D82B0F500B9699F</string>
			<key>isa</key>
			<string>PBXBuildFile</string>
		</dict>
		<key>C48C78901D82A748003589B8</key>
		<dict>
			<key>children</key>
			<array>
				<string>C47796BD1D82B0B200B9699F</string>
				<string>C47796BE1D82B0B200B9699F</string>
				<string>C47796C01D82B0CC00B9699F</string>
				<string>C47796C11D82B0CC00B9699F</string>
				<string>C47796C31D82B0F500B9699F</string>
				<string>C47796C41D82B0F500B9699F</string>
			</array>
			<key>isa</key>
			<string>PBXGroup</string>
			<key>path</key>
			<string>LoadingItem</string>
			<key>sourceTree</key>
			<string>&lt;group&gt;</string>
		</dict>
		<key>D5A1AF50BF755BBCEF332BC3</key>
		<dict>
			<key>includeInIndex</key>
			<string>1</string>
			<key>isa</key>
			<string>PBXFileReference</string>
			<key>lastKnownFileType</key>
			<string>text.xcconfig</string>
			<key>name</key>
			<string>Pods-TFTableViewDataSource.debug.xcconfig</string>
			<key>path</key>
			<string>Pods/Target Support Files/Pods-TFTableViewDataSource/Pods-TFTableViewDataSource.debug.xcconfig</string>
			<key>sourceTree</key>
			<string>&lt;group&gt;</string>
		</dict>
		<key>FE70D8631190888129D04931</key>
		<dict>
			<key>children</key>
			<array>
				<string>9C77AAB74368B607A7BB355F</string>
			</array>
			<key>isa</key>
			<string>PBXGroup</string>
			<key>name</key>
			<string>Frameworks</string>
			<key>sourceTree</key>
			<string>&lt;group&gt;</string>
		</dict>
	</dict>
	<key>rootObject</key>
	<string>B05F05E41C9957240048BB13</string>
</dict>
</plist>
