// !$*UTF8*$!
{
	archiveVersion = 1;
	classes = {
	};
	objectVersion = 46;
	objects = {

/* Begin PBXBuildFile section */
		02DAADCA678BE390A1A443A0 /* libPods-TFTableViewDataSource.a in Frameworks */ = {isa = PBXBuildFile; fileRef = 25926079C928349E5155C6DA /* libPods-TFTableViewDataSource.a */; };
		B03133151CB4B259005E4E3D /* TimeLineDataManager.m in Sources */ = {isa = PBXBuildFile; fileRef = B03133141CB4B259005E4E3D /* TimeLineDataManager.m */; };
		B03133181CB4B3C9005E4E3D /* TFTableViewDataRequest.m in Sources */ = {isa = PBXBuildFile; fileRef = B03133171CB4B3C9005E4E3D /* TFTableViewDataRequest.m */; };
		B03133201CB4D84B005E4E3D /* TFTableViewClassList.m in Sources */ = {isa = PBXBuildFile; fileRef = B031331F1CB4D84B005E4E3D /* TFTableViewClassList.m */; };
		B05F05F11C9957240048BB13 /* main.m in Sources */ = {isa = PBXBuildFile; fileRef = B05F05F01C9957240048BB13 /* main.m */; };
		B05F05F41C9957240048BB13 /* AppDelegate.m in Sources */ = {isa = PBXBuildFile; fileRef = B05F05F31C9957240048BB13 /* AppDelegate.m */; };
		B05F05F71C9957240048BB13 /* ViewController.m in Sources */ = {isa = PBXBuildFile; fileRef = B05F05F61C9957240048BB13 /* ViewController.m */; };
		B05F05FA1C9957240048BB13 /* Main.storyboard in Resources */ = {isa = PBXBuildFile; fileRef = B05F05F81C9957240048BB13 /* Main.storyboard */; };
		B05F05FC1C9957240048BB13 /* Assets.xcassets in Resources */ = {isa = PBXBuildFile; fileRef = B05F05FB1C9957240048BB13 /* Assets.xcassets */; };
		B05F05FF1C9957240048BB13 /* LaunchScreen.storyboard in Resources */ = {isa = PBXBuildFile; fileRef = B05F05FD1C9957240048BB13 /* LaunchScreen.storyboard */; };
		B05F060A1C9957240048BB13 /* TFTableViewDataSourceTests.m in Sources */ = {isa = PBXBuildFile; fileRef = B05F06091C9957240048BB13 /* TFTableViewDataSourceTests.m */; };
		B05F06151C9957240048BB13 /* TFTableViewDataSourceUITests.m in Sources */ = {isa = PBXBuildFile; fileRef = B05F06141C9957240048BB13 /* TFTableViewDataSourceUITests.m */; };
		B05F06251C995F5D0048BB13 /* TFTableViewDataSource.m in Sources */ = {isa = PBXBuildFile; fileRef = B05F06241C995F5D0048BB13 /* TFTableViewDataSource.m */; };
		B05F06281C995FDA0048BB13 /* TFTableViewDataManager.m in Sources */ = {isa = PBXBuildFile; fileRef = B05F06271C995FDA0048BB13 /* TFTableViewDataManager.m */; };
		B07E47BB1CB3AA3B00F1D5DD /* TFTableViewDataSource+Demo.m in Sources */ = {isa = PBXBuildFile; fileRef = B07E47BA1CB3AA3B00F1D5DD /* TFTableViewDataSource+Demo.m */; };
		B07E47BE1CB3AD4900F1D5DD /* DemoTableViewDataSource.m in Sources */ = {isa = PBXBuildFile; fileRef = B07E47BD1CB3AD4900F1D5DD /* DemoTableViewDataSource.m */; };
		B07E47C41CB3B44900F1D5DD /* TFTableViewDataSourceConfig.m in Sources */ = {isa = PBXBuildFile; fileRef = B07E47C31CB3B44900F1D5DD /* TFTableViewDataSourceConfig.m */; };
		B0F589531CB5064900BEE18A /* TFModel.m in Sources */ = {isa = PBXBuildFile; fileRef = B0F589521CB5064900BEE18A /* TFModel.m */; };
		B0F589561CB507CC00BEE18A /* TimeLineTableViewItem.m in Sources */ = {isa = PBXBuildFile; fileRef = B0F589551CB507CC00BEE18A /* TimeLineTableViewItem.m */; };
		B0F589591CB5086600BEE18A /* TimeLineTableViewItemCellNode.m in Sources */ = {isa = PBXBuildFile; fileRef = B0F589581CB5086600BEE18A /* TimeLineTableViewItemCellNode.m */; };
		B0F5895C1CB50AB900BEE18A /* TimeLineTextStyle.m in Sources */ = {isa = PBXBuildFile; fileRef = B0F5895B1CB50AB900BEE18A /* TimeLineTextStyle.m */; };
		C47796BF1D82B0B200B9699F /* TFLoadingTableViewItem.m in Sources */ = {isa = PBXBuildFile; fileRef = C47796BE1D82B0B200B9699F /* TFLoadingTableViewItem.m */; };
		C47796C21D82B0CC00B9699F /* TFLoadingTableViewItemCell.m in Sources */ = {isa = PBXBuildFile; fileRef = C47796C11D82B0CC00B9699F /* TFLoadingTableViewItemCell.m */; };
		C47796C51D82B0F500B9699F /* TFLoadingTableViewItemCellNode.m in Sources */ = {isa = PBXBuildFile; fileRef = C47796C41D82B0F500B9699F /* TFLoadingTableViewItemCellNode.m */; };
/* End PBXBuildFile section */

/* Begin PBXContainerItemProxy section */
		B05F06061C9957240048BB13 /* PBXContainerItemProxy */ = {
			isa = PBXContainerItemProxy;
			containerPortal = B05F05E41C9957240048BB13 /* Project object */;
			proxyType = 1;
			remoteGlobalIDString = B05F05EB1C9957240048BB13;
			remoteInfo = TFTableViewDataSource;
		};
		B05F06111C9957240048BB13 /* PBXContainerItemProxy */ = {
			isa = PBXContainerItemProxy;
			containerPortal = B05F05E41C9957240048BB13 /* Project object */;
			proxyType = 1;
			remoteGlobalIDString = B05F05EB1C9957240048BB13;
			remoteInfo = TFTableViewDataSource;
		};
/* End PBXContainerItemProxy section */

/* Begin PBXFileReference section */
		25926079C928349E5155C6DA /* libPods-TFTableViewDataSource.a */ = {isa = PBXFileReference; explicitFileType = archive.ar; includeInIndex = 0; path = "libPods-TFTableViewDataSource.a"; sourceTree = BUILT_PRODUCTS_DIR; };
		962CAC963F5B8A5FD4485387 /* Pods-TFTableViewDataSource.release.xcconfig */ = {isa = PBXFileReference; includeInIndex = 1; lastKnownFileType = text.xcconfig; name = "Pods-TFTableViewDataSource.release.xcconfig"; path = "Pods/Target Support Files/Pods-TFTableViewDataSource/Pods-TFTableViewDataSource.release.xcconfig"; sourceTree = "<group>"; };
		B03133131CB4B259005E4E3D /* TimeLineDataManager.h */ = {isa = PBXFileReference; fileEncoding = 4; lastKnownFileType = sourcecode.c.h; path = TimeLineDataManager.h; sourceTree = "<group>"; };
		B03133141CB4B259005E4E3D /* TimeLineDataManager.m */ = {isa = PBXFileReference; fileEncoding = 4; lastKnownFileType = sourcecode.c.objc; path = TimeLineDataManager.m; sourceTree = "<group>"; };
		B03133161CB4B3C9005E4E3D /* TFTableViewDataRequest.h */ = {isa = PBXFileReference; fileEncoding = 4; lastKnownFileType = sourcecode.c.h; path = TFTableViewDataRequest.h; sourceTree = "<group>"; };
		B03133171CB4B3C9005E4E3D /* TFTableViewDataRequest.m */ = {isa = PBXFileReference; fileEncoding = 4; lastKnownFileType = sourcecode.c.objc; path = TFTableViewDataRequest.m; sourceTree = "<group>"; };
		B031331A1CB4B963005E4E3D /* TFTableViewDataSourceKit.h */ = {isa = PBXFileReference; fileEncoding = 4; lastKnownFileType = sourcecode.c.h; path = TFTableViewDataSourceKit.h; sourceTree = "<group>"; };
		B031331E1CB4D84B005E4E3D /* TFTableViewClassList.h */ = {isa = PBXFileReference; fileEncoding = 4; lastKnownFileType = sourcecode.c.h; path = TFTableViewClassList.h; sourceTree = "<group>"; };
		B031331F1CB4D84B005E4E3D /* TFTableViewClassList.m */ = {isa = PBXFileReference; fileEncoding = 4; lastKnownFileType = sourcecode.c.objc; path = TFTableViewClassList.m; sourceTree = "<group>"; };
		B05F05EC1C9957240048BB13 /* TFTableViewDataSource.app */ = {isa = PBXFileReference; explicitFileType = wrapper.application; includeInIndex = 0; path = TFTableViewDataSource.app; sourceTree = BUILT_PRODUCTS_DIR; };
		B05F05F01C9957240048BB13 /* main.m */ = {isa = PBXFileReference; lastKnownFileType = sourcecode.c.objc; path = main.m; sourceTree = "<group>"; };
		B05F05F21C9957240048BB13 /* AppDelegate.h */ = {isa = PBXFileReference; lastKnownFileType = sourcecode.c.h; path = AppDelegate.h; sourceTree = "<group>"; };
		B05F05F31C9957240048BB13 /* AppDelegate.m */ = {isa = PBXFileReference; lastKnownFileType = sourcecode.c.objc; path = AppDelegate.m; sourceTree = "<group>"; };
		B05F05F51C9957240048BB13 /* ViewController.h */ = {isa = PBXFileReference; lastKnownFileType = sourcecode.c.h; path = ViewController.h; sourceTree = "<group>"; };
		B05F05F61C9957240048BB13 /* ViewController.m */ = {isa = PBXFileReference; lastKnownFileType = sourcecode.c.objc; path = ViewController.m; sourceTree = "<group>"; };
		B05F05F91C9957240048BB13 /* Base */ = {isa = PBXFileReference; lastKnownFileType = file.storyboard; name = Base; path = Base.lproj/Main.storyboard; sourceTree = "<group>"; };
		B05F05FB1C9957240048BB13 /* Assets.xcassets */ = {isa = PBXFileReference; lastKnownFileType = folder.assetcatalog; path = Assets.xcassets; sourceTree = "<group>"; };
		B05F05FE1C9957240048BB13 /* Base */ = {isa = PBXFileReference; lastKnownFileType = file.storyboard; name = Base; path = Base.lproj/LaunchScreen.storyboard; sourceTree = "<group>"; };
		B05F06001C9957240048BB13 /* Info.plist */ = {isa = PBXFileReference; lastKnownFileType = text.plist.xml; path = Info.plist; sourceTree = "<group>"; };
		B05F06051C9957240048BB13 /* TFTableViewDataSourceTests.xctest */ = {isa = PBXFileReference; explicitFileType = wrapper.cfbundle; includeInIndex = 0; path = TFTableViewDataSourceTests.xctest; sourceTree = BUILT_PRODUCTS_DIR; };
		B05F06091C9957240048BB13 /* TFTableViewDataSourceTests.m */ = {isa = PBXFileReference; lastKnownFileType = sourcecode.c.objc; path = TFTableViewDataSourceTests.m; sourceTree = "<group>"; };
		B05F060B1C9957240048BB13 /* Info.plist */ = {isa = PBXFileReference; lastKnownFileType = text.plist.xml; path = Info.plist; sourceTree = "<group>"; };
		B05F06101C9957240048BB13 /* TFTableViewDataSourceUITests.xctest */ = {isa = PBXFileReference; explicitFileType = wrapper.cfbundle; includeInIndex = 0; path = TFTableViewDataSourceUITests.xctest; sourceTree = BUILT_PRODUCTS_DIR; };
		B05F06141C9957240048BB13 /* TFTableViewDataSourceUITests.m */ = {isa = PBXFileReference; lastKnownFileType = sourcecode.c.objc; path = TFTableViewDataSourceUITests.m; sourceTree = "<group>"; };
		B05F06161C9957240048BB13 /* Info.plist */ = {isa = PBXFileReference; lastKnownFileType = text.plist.xml; path = Info.plist; sourceTree = "<group>"; };
		B05F06231C995F5D0048BB13 /* TFTableViewDataSource.h */ = {isa = PBXFileReference; fileEncoding = 4; lastKnownFileType = sourcecode.c.h; path = TFTableViewDataSource.h; sourceTree = "<group>"; };
		B05F06241C995F5D0048BB13 /* TFTableViewDataSource.m */ = {isa = PBXFileReference; fileEncoding = 4; lastKnownFileType = sourcecode.c.objc; path = TFTableViewDataSource.m; sourceTree = "<group>"; };
		B05F06261C995FDA0048BB13 /* TFTableViewDataManager.h */ = {isa = PBXFileReference; fileEncoding = 4; lastKnownFileType = sourcecode.c.h; path = TFTableViewDataManager.h; sourceTree = "<group>"; };
		B05F06271C995FDA0048BB13 /* TFTableViewDataManager.m */ = {isa = PBXFileReference; fileEncoding = 4; lastKnownFileType = sourcecode.c.objc; path = TFTableViewDataManager.m; sourceTree = "<group>"; };
		B05F06291C995FED0048BB13 /* TFTableViewDataManagerProtocol.h */ = {isa = PBXFileReference; fileEncoding = 4; lastKnownFileType = sourcecode.c.h; path = TFTableViewDataManagerProtocol.h; sourceTree = "<group>"; };
		B07E47B91CB3AA3B00F1D5DD /* TFTableViewDataSource+Demo.h */ = {isa = PBXFileReference; fileEncoding = 4; lastKnownFileType = sourcecode.c.h; path = "TFTableViewDataSource+Demo.h"; sourceTree = "<group>"; };
		B07E47BA1CB3AA3B00F1D5DD /* TFTableViewDataSource+Demo.m */ = {isa = PBXFileReference; fileEncoding = 4; lastKnownFileType = sourcecode.c.objc; path = "TFTableViewDataSource+Demo.m"; sourceTree = "<group>"; };
		B07E47BC1CB3AD4900F1D5DD /* DemoTableViewDataSource.h */ = {isa = PBXFileReference; fileEncoding = 4; lastKnownFileType = sourcecode.c.h; name = DemoTableViewDataSource.h; path = TFTableViewDataSource/DemoTableViewDataSource.h; sourceTree = SOURCE_ROOT; };
		B07E47BD1CB3AD4900F1D5DD /* DemoTableViewDataSource.m */ = {isa = PBXFileReference; fileEncoding = 4; lastKnownFileType = sourcecode.c.objc; name = DemoTableViewDataSource.m; path = TFTableViewDataSource/DemoTableViewDataSource.m; sourceTree = SOURCE_ROOT; };
		B07E47C21CB3B44900F1D5DD /* TFTableViewDataSourceConfig.h */ = {isa = PBXFileReference; fileEncoding = 4; lastKnownFileType = sourcecode.c.h; path = TFTableViewDataSourceConfig.h; sourceTree = "<group>"; };
		B07E47C31CB3B44900F1D5DD /* TFTableViewDataSourceConfig.m */ = {isa = PBXFileReference; fileEncoding = 4; lastKnownFileType = sourcecode.c.objc; path = TFTableViewDataSourceConfig.m; sourceTree = "<group>"; };
		B0F589511CB5064900BEE18A /* TFModel.h */ = {isa = PBXFileReference; fileEncoding = 4; lastKnownFileType = sourcecode.c.h; path = TFModel.h; sourceTree = "<group>"; };
		B0F589521CB5064900BEE18A /* TFModel.m */ = {isa = PBXFileReference; fileEncoding = 4; lastKnownFileType = sourcecode.c.objc; path = TFModel.m; sourceTree = "<group>"; };
		B0F589541CB507CC00BEE18A /* TimeLineTableViewItem.h */ = {isa = PBXFileReference; fileEncoding = 4; lastKnownFileType = sourcecode.c.h; path = TimeLineTableViewItem.h; sourceTree = "<group>"; };
		B0F589551CB507CC00BEE18A /* TimeLineTableViewItem.m */ = {isa = PBXFileReference; fileEncoding = 4; lastKnownFileType = sourcecode.c.objc; path = TimeLineTableViewItem.m; sourceTree = "<group>"; };
		B0F589571CB5086600BEE18A /* TimeLineTableViewItemCellNode.h */ = {isa = PBXFileReference; fileEncoding = 4; lastKnownFileType = sourcecode.c.h; path = TimeLineTableViewItemCellNode.h; sourceTree = "<group>"; };
		B0F589581CB5086600BEE18A /* TimeLineTableViewItemCellNode.m */ = {isa = PBXFileReference; fileEncoding = 4; lastKnownFileType = sourcecode.c.objc; path = TimeLineTableViewItemCellNode.m; sourceTree = "<group>"; };
		B0F5895A1CB50AB900BEE18A /* TimeLineTextStyle.h */ = {isa = PBXFileReference; fileEncoding = 4; lastKnownFileType = sourcecode.c.h; path = TimeLineTextStyle.h; sourceTree = "<group>"; };
		B0F5895B1CB50AB900BEE18A /* TimeLineTextStyle.m */ = {isa = PBXFileReference; fileEncoding = 4; lastKnownFileType = sourcecode.c.objc; path = TimeLineTextStyle.m; sourceTree = "<group>"; };
		C47796BD1D82B0B200B9699F /* TFLoadingTableViewItem.h */ = {isa = PBXFileReference; fileEncoding = 4; lastKnownFileType = sourcecode.c.h; path = TFLoadingTableViewItem.h; sourceTree = "<group>"; };
		C47796BE1D82B0B200B9699F /* TFLoadingTableViewItem.m */ = {isa = PBXFileReference; fileEncoding = 4; lastKnownFileType = sourcecode.c.objc; path = TFLoadingTableViewItem.m; sourceTree = "<group>"; };
		C47796C01D82B0CC00B9699F /* TFLoadingTableViewItemCell.h */ = {isa = PBXFileReference; fileEncoding = 4; lastKnownFileType = sourcecode.c.h; path = TFLoadingTableViewItemCell.h; sourceTree = "<group>"; };
		C47796C11D82B0CC00B9699F /* TFLoadingTableViewItemCell.m */ = {isa = PBXFileReference; fileEncoding = 4; lastKnownFileType = sourcecode.c.objc; path = TFLoadingTableViewItemCell.m; sourceTree = "<group>"; };
		C47796C31D82B0F500B9699F /* TFLoadingTableViewItemCellNode.h */ = {isa = PBXFileReference; fileEncoding = 4; lastKnownFileType = sourcecode.c.h; path = TFLoadingTableViewItemCellNode.h; sourceTree = "<group>"; };
		C47796C41D82B0F500B9699F /* TFLoadingTableViewItemCellNode.m */ = {isa = PBXFileReference; fileEncoding = 4; lastKnownFileType = sourcecode.c.objc; path = TFLoadingTableViewItemCellNode.m; sourceTree = "<group>"; };
		EF3C8F8ADFAD71A72A1334B6 /* Pods-TFTableViewDataSource.debug.xcconfig */ = {isa = PBXFileReference; includeInIndex = 1; lastKnownFileType = text.xcconfig; name = "Pods-TFTableViewDataSource.debug.xcconfig"; path = "Pods/Target Support Files/Pods-TFTableViewDataSource/Pods-TFTableViewDataSource.debug.xcconfig"; sourceTree = "<group>"; };
/* End PBXFileReference section */

/* Begin PBXFrameworksBuildPhase section */
		B05F05E91C9957240048BB13 /* Frameworks */ = {
			isa = PBXFrameworksBuildPhase;
			buildActionMask = 2147483647;
			files = (
				02DAADCA678BE390A1A443A0 /* libPods-TFTableViewDataSource.a in Frameworks */,
			);
			runOnlyForDeploymentPostprocessing = 0;
		};
		B05F06021C9957240048BB13 /* Frameworks */ = {
			isa = PBXFrameworksBuildPhase;
			buildActionMask = 2147483647;
			files = (
			);
			runOnlyForDeploymentPostprocessing = 0;
		};
		B05F060D1C9957240048BB13 /* Frameworks */ = {
			isa = PBXFrameworksBuildPhase;
			buildActionMask = 2147483647;
			files = (
			);
			runOnlyForDeploymentPostprocessing = 0;
		};
/* End PBXFrameworksBuildPhase section */

/* Begin PBXGroup section */
		145AA84A5498F58BD4DBE6EF /* Frameworks */ = {
			isa = PBXGroup;
			children = (
				25926079C928349E5155C6DA /* libPods-TFTableViewDataSource.a */,
			);
			name = Frameworks;
			sourceTree = "<group>";
		};
		28342EE0359CB5D239F8FB4C /* Pods */ = {
			isa = PBXGroup;
			children = (
				EF3C8F8ADFAD71A72A1334B6 /* Pods-TFTableViewDataSource.debug.xcconfig */,
				962CAC963F5B8A5FD4485387 /* Pods-TFTableViewDataSource.release.xcconfig */,
			);
			name = Pods;
			sourceTree = "<group>";
		};
		B03133121CB4B23E005E4E3D /* Demo */ = {
			isa = PBXGroup;
			children = (
				B0F5895A1CB50AB900BEE18A /* TimeLineTextStyle.h */,
				B0F5895B1CB50AB900BEE18A /* TimeLineTextStyle.m */,
				B07E47BC1CB3AD4900F1D5DD /* DemoTableViewDataSource.h */,
				B07E47BD1CB3AD4900F1D5DD /* DemoTableViewDataSource.m */,
				B03133131CB4B259005E4E3D /* TimeLineDataManager.h */,
				B03133141CB4B259005E4E3D /* TimeLineDataManager.m */,
				B0F589511CB5064900BEE18A /* TFModel.h */,
				B0F589521CB5064900BEE18A /* TFModel.m */,
				B0F589541CB507CC00BEE18A /* TimeLineTableViewItem.h */,
				B0F589551CB507CC00BEE18A /* TimeLineTableViewItem.m */,
				B0F589571CB5086600BEE18A /* TimeLineTableViewItemCellNode.h */,
				B0F589581CB5086600BEE18A /* TimeLineTableViewItemCellNode.m */,
			);
			path = Demo;
			sourceTree = "<group>";
		};
		B03133191CB4B62E005E4E3D /* TableViewDataManager */ = {
			isa = PBXGroup;
			children = (
				B05F06291C995FED0048BB13 /* TFTableViewDataManagerProtocol.h */,
				B05F06261C995FDA0048BB13 /* TFTableViewDataManager.h */,
				B05F06271C995FDA0048BB13 /* TFTableViewDataManager.m */,
				B03133161CB4B3C9005E4E3D /* TFTableViewDataRequest.h */,
				B03133171CB4B3C9005E4E3D /* TFTableViewDataRequest.m */,
			);
			name = TableViewDataManager;
			sourceTree = "<group>";
		};
		B031331D1CB4D820005E4E3D /* Common */ = {
			isa = PBXGroup;
			children = (
				B031331E1CB4D84B005E4E3D /* TFTableViewClassList.h */,
				B031331F1CB4D84B005E4E3D /* TFTableViewClassList.m */,
			);
			name = Common;
			sourceTree = "<group>";
		};
		B05F05E31C9957240048BB13 = {
			isa = PBXGroup;
			children = (
				B05F05EE1C9957240048BB13 /* TFTableViewDataSource */,
				B05F06081C9957240048BB13 /* TFTableViewDataSourceTests */,
				B05F06131C9957240048BB13 /* TFTableViewDataSourceUITests */,
				B05F05ED1C9957240048BB13 /* Products */,
				28342EE0359CB5D239F8FB4C /* Pods */,
				145AA84A5498F58BD4DBE6EF /* Frameworks */,
			);
			sourceTree = "<group>";
		};
		B05F05ED1C9957240048BB13 /* Products */ = {
			isa = PBXGroup;
			children = (
				B05F05EC1C9957240048BB13 /* TFTableViewDataSource.app */,
				B05F06051C9957240048BB13 /* TFTableViewDataSourceTests.xctest */,
				B05F06101C9957240048BB13 /* TFTableViewDataSourceUITests.xctest */,
			);
			name = Products;
			sourceTree = "<group>";
		};
		B05F05EE1C9957240048BB13 /* TFTableViewDataSource */ = {
			isa = PBXGroup;
			children = (
				B05F06221C9957460048BB13 /* TFTableViewDataSource */,
				B05F05F21C9957240048BB13 /* AppDelegate.h */,
				B05F05F31C9957240048BB13 /* AppDelegate.m */,
				B03133121CB4B23E005E4E3D /* Demo */,
				B05F05F51C9957240048BB13 /* ViewController.h */,
				B05F05F61C9957240048BB13 /* ViewController.m */,
				B05F05F81C9957240048BB13 /* Main.storyboard */,
				B05F05FB1C9957240048BB13 /* Assets.xcassets */,
				B05F05FD1C9957240048BB13 /* LaunchScreen.storyboard */,
				B05F06001C9957240048BB13 /* Info.plist */,
				B05F05EF1C9957240048BB13 /* Supporting Files */,
				B07E47B91CB3AA3B00F1D5DD /* TFTableViewDataSource+Demo.h */,
				B07E47BA1CB3AA3B00F1D5DD /* TFTableViewDataSource+Demo.m */,
			);
			path = TFTableViewDataSource;
			sourceTree = "<group>";
		};
		B05F05EF1C9957240048BB13 /* Supporting Files */ = {
			isa = PBXGroup;
			children = (
				B05F05F01C9957240048BB13 /* main.m */,
			);
			name = "Supporting Files";
			sourceTree = "<group>";
		};
		B05F06081C9957240048BB13 /* TFTableViewDataSourceTests */ = {
			isa = PBXGroup;
			children = (
				B05F06091C9957240048BB13 /* TFTableViewDataSourceTests.m */,
				B05F060B1C9957240048BB13 /* Info.plist */,
			);
			path = TFTableViewDataSourceTests;
			sourceTree = "<group>";
		};
		B05F06131C9957240048BB13 /* TFTableViewDataSourceUITests */ = {
			isa = PBXGroup;
			children = (
				B05F06141C9957240048BB13 /* TFTableViewDataSourceUITests.m */,
				B05F06161C9957240048BB13 /* Info.plist */,
			);
			path = TFTableViewDataSourceUITests;
			sourceTree = "<group>";
		};
		B05F06221C9957460048BB13 /* TFTableViewDataSource */ = {
			isa = PBXGroup;
			children = (
				C48C78901D82A748003589B8 /* LoadingItem */,
				B031331A1CB4B963005E4E3D /* TFTableViewDataSourceKit.h */,
				B05F06231C995F5D0048BB13 /* TFTableViewDataSource.h */,
				B05F06241C995F5D0048BB13 /* TFTableViewDataSource.m */,
				B07E47C21CB3B44900F1D5DD /* TFTableViewDataSourceConfig.h */,
				B07E47C31CB3B44900F1D5DD /* TFTableViewDataSourceConfig.m */,
				B031331D1CB4D820005E4E3D /* Common */,
				B03133191CB4B62E005E4E3D /* TableViewDataManager */,
			);
			path = TFTableViewDataSource;
			sourceTree = "<group>";
		};
		C48C78901D82A748003589B8 /* LoadingItem */ = {
			isa = PBXGroup;
			children = (
				C47796BD1D82B0B200B9699F /* TFLoadingTableViewItem.h */,
				C47796BE1D82B0B200B9699F /* TFLoadingTableViewItem.m */,
				C47796C01D82B0CC00B9699F /* TFLoadingTableViewItemCell.h */,
				C47796C11D82B0CC00B9699F /* TFLoadingTableViewItemCell.m */,
				C47796C31D82B0F500B9699F /* TFLoadingTableViewItemCellNode.h */,
				C47796C41D82B0F500B9699F /* TFLoadingTableViewItemCellNode.m */,
			);
			path = LoadingItem;
			sourceTree = "<group>";
		};
/* End PBXGroup section */

/* Begin PBXNativeTarget section */
		B05F05EB1C9957240048BB13 /* TFTableViewDataSource */ = {
			isa = PBXNativeTarget;
			buildConfigurationList = B05F06191C9957240048BB13 /* Build configuration list for PBXNativeTarget "TFTableViewDataSource" */;
			buildPhases = (
				8B11C822589477808E573751 /* [CP] Check Pods Manifest.lock */,
				B05F05E81C9957240048BB13 /* Sources */,
				B05F05E91C9957240048BB13 /* Frameworks */,
				B05F05EA1C9957240048BB13 /* Resources */,
				78E463970A645E5EDE5B924B /* [CP] Embed Pods Frameworks */,
				6884E03490D2E96C04E88A9D /* [CP] Copy Pods Resources */,
			);
			buildRules = (
			);
			dependencies = (
			);
			name = TFTableViewDataSource;
			productName = TFTableViewDataSource;
			productReference = B05F05EC1C9957240048BB13 /* TFTableViewDataSource.app */;
			productType = "com.apple.product-type.application";
		};
		B05F06041C9957240048BB13 /* TFTableViewDataSourceTests */ = {
			isa = PBXNativeTarget;
			buildConfigurationList = B05F061C1C9957240048BB13 /* Build configuration list for PBXNativeTarget "TFTableViewDataSourceTests" */;
			buildPhases = (
				B05F06011C9957240048BB13 /* Sources */,
				B05F06021C9957240048BB13 /* Frameworks */,
				B05F06031C9957240048BB13 /* Resources */,
			);
			buildRules = (
			);
			dependencies = (
				B05F06071C9957240048BB13 /* PBXTargetDependency */,
			);
			name = TFTableViewDataSourceTests;
			productName = TFTableViewDataSourceTests;
			productReference = B05F06051C9957240048BB13 /* TFTableViewDataSourceTests.xctest */;
			productType = "com.apple.product-type.bundle.unit-test";
		};
		B05F060F1C9957240048BB13 /* TFTableViewDataSourceUITests */ = {
			isa = PBXNativeTarget;
			buildConfigurationList = B05F061F1C9957240048BB13 /* Build configuration list for PBXNativeTarget "TFTableViewDataSourceUITests" */;
			buildPhases = (
				B05F060C1C9957240048BB13 /* Sources */,
				B05F060D1C9957240048BB13 /* Frameworks */,
				B05F060E1C9957240048BB13 /* Resources */,
			);
			buildRules = (
			);
			dependencies = (
				B05F06121C9957240048BB13 /* PBXTargetDependency */,
			);
			name = TFTableViewDataSourceUITests;
			productName = TFTableViewDataSourceUITests;
			productReference = B05F06101C9957240048BB13 /* TFTableViewDataSourceUITests.xctest */;
			productType = "com.apple.product-type.bundle.ui-testing";
		};
/* End PBXNativeTarget section */

/* Begin PBXProject section */
		B05F05E41C9957240048BB13 /* Project object */ = {
			isa = PBXProject;
			attributes = {
				LastUpgradeCheck = 0720;
				ORGANIZATIONNAME = TimeFace;
				TargetAttributes = {
					B05F05EB1C9957240048BB13 = {
						CreatedOnToolsVersion = 7.2.1;
					};
					B05F06041C9957240048BB13 = {
						CreatedOnToolsVersion = 7.2.1;
						TestTargetID = B05F05EB1C9957240048BB13;
					};
					B05F060F1C9957240048BB13 = {
						CreatedOnToolsVersion = 7.2.1;
						TestTargetID = B05F05EB1C9957240048BB13;
					};
				};
			};
			buildConfigurationList = B05F05E71C9957240048BB13 /* Build configuration list for PBXProject "TFTableViewDataSource" */;
			compatibilityVersion = "Xcode 3.2";
			developmentRegion = English;
			hasScannedForEncodings = 0;
			knownRegions = (
				en,
				Base,
			);
			mainGroup = B05F05E31C9957240048BB13;
			productRefGroup = B05F05ED1C9957240048BB13 /* Products */;
			projectDirPath = "";
			projectRoot = "";
			targets = (
				B05F05EB1C9957240048BB13 /* TFTableViewDataSource */,
				B05F06041C9957240048BB13 /* TFTableViewDataSourceTests */,
				B05F060F1C9957240048BB13 /* TFTableViewDataSourceUITests */,
			);
		};
/* End PBXProject section */

/* Begin PBXResourcesBuildPhase section */
		B05F05EA1C9957240048BB13 /* Resources */ = {
			isa = PBXResourcesBuildPhase;
			buildActionMask = 2147483647;
			files = (
				B05F05FF1C9957240048BB13 /* LaunchScreen.storyboard in Resources */,
				B05F05FC1C9957240048BB13 /* Assets.xcassets in Resources */,
				B05F05FA1C9957240048BB13 /* Main.storyboard in Resources */,
			);
			runOnlyForDeploymentPostprocessing = 0;
		};
		B05F06031C9957240048BB13 /* Resources */ = {
			isa = PBXResourcesBuildPhase;
			buildActionMask = 2147483647;
			files = (
			);
			runOnlyForDeploymentPostprocessing = 0;
		};
		B05F060E1C9957240048BB13 /* Resources */ = {
			isa = PBXResourcesBuildPhase;
			buildActionMask = 2147483647;
			files = (
			);
			runOnlyForDeploymentPostprocessing = 0;
		};
/* End PBXResourcesBuildPhase section */

/* Begin PBXShellScriptBuildPhase section */
		6884E03490D2E96C04E88A9D /* [CP] Copy Pods Resources */ = {
			isa = PBXShellScriptBuildPhase;
			buildActionMask = 2147483647;
			files = (
			);
			inputPaths = (
			);
			name = "[CP] Copy Pods Resources";
			outputPaths = (
			);
			runOnlyForDeploymentPostprocessing = 0;
			shellPath = /bin/sh;
			shellScript = "\"${SRCROOT}/Pods/Target Support Files/Pods-TFTableViewDataSource/Pods-TFTableViewDataSource-resources.sh\"\n";
			showEnvVarsInLog = 0;
		};
		78E463970A645E5EDE5B924B /* [CP] Embed Pods Frameworks */ = {
			isa = PBXShellScriptBuildPhase;
			buildActionMask = 2147483647;
			files = (
			);
			inputPaths = (
			);
			name = "[CP] Embed Pods Frameworks";
			outputPaths = (
			);
			runOnlyForDeploymentPostprocessing = 0;
			shellPath = /bin/sh;
			shellScript = "\"${SRCROOT}/Pods/Target Support Files/Pods-TFTableViewDataSource/Pods-TFTableViewDataSource-frameworks.sh\"\n";
			showEnvVarsInLog = 0;
		};
		8B11C822589477808E573751 /* [CP] Check Pods Manifest.lock */ = {
			isa = PBXShellScriptBuildPhase;
			buildActionMask = 2147483647;
			files = (
			);
			inputPaths = (
			);
			name = "[CP] Check Pods Manifest.lock";
			outputPaths = (
			);
			runOnlyForDeploymentPostprocessing = 0;
			shellPath = /bin/sh;
			shellScript = "diff \"${PODS_ROOT}/../Podfile.lock\" \"${PODS_ROOT}/Manifest.lock\" > /dev/null\nif [[ $? != 0 ]] ; then\n    cat << EOM\nerror: The sandbox is not in sync with the Podfile.lock. Run 'pod install' or update your CocoaPods installation.\nEOM\n    exit 1\nfi\n";
			showEnvVarsInLog = 0;
		};
/* End PBXShellScriptBuildPhase section */

/* Begin PBXSourcesBuildPhase section */
		B05F05E81C9957240048BB13 /* Sources */ = {
			isa = PBXSourcesBuildPhase;
			buildActionMask = 2147483647;
			files = (
				B03133181CB4B3C9005E4E3D /* TFTableViewDataRequest.m in Sources */,
				B03133151CB4B259005E4E3D /* TimeLineDataManager.m in Sources */,
				B07E47C41CB3B44900F1D5DD /* TFTableViewDataSourceConfig.m in Sources */,
				B0F5895C1CB50AB900BEE18A /* TimeLineTextStyle.m in Sources */,
				B07E47BE1CB3AD4900F1D5DD /* DemoTableViewDataSource.m in Sources */,
				B05F05F71C9957240048BB13 /* ViewController.m in Sources */,
				B05F05F41C9957240048BB13 /* AppDelegate.m in Sources */,
				B05F06251C995F5D0048BB13 /* TFTableViewDataSource.m in Sources */,
				C47796C51D82B0F500B9699F /* TFLoadingTableViewItemCellNode.m in Sources */,
				B05F06281C995FDA0048BB13 /* TFTableViewDataManager.m in Sources */,
				B05F05F11C9957240048BB13 /* main.m in Sources */,
				B07E47BB1CB3AA3B00F1D5DD /* TFTableViewDataSource+Demo.m in Sources */,
				C47796C21D82B0CC00B9699F /* TFLoadingTableViewItemCell.m in Sources */,
				B03133201CB4D84B005E4E3D /* TFTableViewClassList.m in Sources */,
				B0F589561CB507CC00BEE18A /* TimeLineTableViewItem.m in Sources */,
				C47796BF1D82B0B200B9699F /* TFLoadingTableViewItem.m in Sources */,
				B0F589531CB5064900BEE18A /* TFModel.m in Sources */,
				B0F589591CB5086600BEE18A /* TimeLineTableViewItemCellNode.m in Sources */,
			);
			runOnlyForDeploymentPostprocessing = 0;
		};
		B05F06011C9957240048BB13 /* Sources */ = {
			isa = PBXSourcesBuildPhase;
			buildActionMask = 2147483647;
			files = (
				B05F060A1C9957240048BB13 /* TFTableViewDataSourceTests.m in Sources */,
			);
			runOnlyForDeploymentPostprocessing = 0;
		};
		B05F060C1C9957240048BB13 /* Sources */ = {
			isa = PBXSourcesBuildPhase;
			buildActionMask = 2147483647;
			files = (
				B05F06151C9957240048BB13 /* TFTableViewDataSourceUITests.m in Sources */,
			);
			runOnlyForDeploymentPostprocessing = 0;
		};
/* End PBXSourcesBuildPhase section */

/* Begin PBXTargetDependency section */
		B05F06071C9957240048BB13 /* PBXTargetDependency */ = {
			isa = PBXTargetDependency;
			target = B05F05EB1C9957240048BB13 /* TFTableViewDataSource */;
			targetProxy = B05F06061C9957240048BB13 /* PBXContainerItemProxy */;
		};
		B05F06121C9957240048BB13 /* PBXTargetDependency */ = {
			isa = PBXTargetDependency;
			target = B05F05EB1C9957240048BB13 /* TFTableViewDataSource */;
			targetProxy = B05F06111C9957240048BB13 /* PBXContainerItemProxy */;
		};
/* End PBXTargetDependency section */

/* Begin PBXVariantGroup section */
		B05F05F81C9957240048BB13 /* Main.storyboard */ = {
			isa = PBXVariantGroup;
			children = (
				B05F05F91C9957240048BB13 /* Base */,
			);
			name = Main.storyboard;
			sourceTree = "<group>";
		};
		B05F05FD1C9957240048BB13 /* LaunchScreen.storyboard */ = {
			isa = PBXVariantGroup;
			children = (
				B05F05FE1C9957240048BB13 /* Base */,
			);
			name = LaunchScreen.storyboard;
			sourceTree = "<group>";
		};
/* End PBXVariantGroup section */

/* Begin XCBuildConfiguration section */
		B05F06171C9957240048BB13 /* Debug */ = {
			isa = XCBuildConfiguration;
			buildSettings = {
				ALWAYS_SEARCH_USER_PATHS = NO;
				CLANG_CXX_LANGUAGE_STANDARD = "gnu++0x";
				CLANG_CXX_LIBRARY = "libc++";
				CLANG_ENABLE_MODULES = YES;
				CLANG_ENABLE_OBJC_ARC = YES;
				CLANG_WARN_BOOL_CONVERSION = YES;
				CLANG_WARN_CONSTANT_CONVERSION = YES;
				CLANG_WARN_DIRECT_OBJC_ISA_USAGE = YES_ERROR;
				CLANG_WARN_EMPTY_BODY = YES;
				CLANG_WARN_ENUM_CONVERSION = YES;
				CLANG_WARN_INT_CONVERSION = YES;
				CLANG_WARN_OBJC_ROOT_CLASS = YES_ERROR;
				CLANG_WARN_UNREACHABLE_CODE = YES;
				CLANG_WARN__DUPLICATE_METHOD_MATCH = YES;
				"CODE_SIGN_IDENTITY[sdk=iphoneos*]" = "iPhone Developer";
				COPY_PHASE_STRIP = NO;
				DEBUG_INFORMATION_FORMAT = dwarf;
				ENABLE_STRICT_OBJC_MSGSEND = YES;
				ENABLE_TESTABILITY = YES;
				GCC_C_LANGUAGE_STANDARD = gnu99;
				GCC_DYNAMIC_NO_PIC = NO;
				GCC_NO_COMMON_BLOCKS = YES;
				GCC_OPTIMIZATION_LEVEL = 0;
				GCC_PREPROCESSOR_DEFINITIONS = (
					"DEBUG=1",
					"$(inherited)",
				);
				GCC_WARN_64_TO_32_BIT_CONVERSION = YES;
				GCC_WARN_ABOUT_RETURN_TYPE = YES_ERROR;
				GCC_WARN_UNDECLARED_SELECTOR = YES;
				GCC_WARN_UNINITIALIZED_AUTOS = YES_AGGRESSIVE;
				GCC_WARN_UNUSED_FUNCTION = YES;
				GCC_WARN_UNUSED_VARIABLE = YES;
				IPHONEOS_DEPLOYMENT_TARGET = 9.2;
				MTL_ENABLE_DEBUG_INFO = YES;
				ONLY_ACTIVE_ARCH = YES;
				SDKROOT = iphoneos;
			};
			name = Debug;
		};
		B05F06181C9957240048BB13 /* Release */ = {
			isa = XCBuildConfiguration;
			buildSettings = {
				ALWAYS_SEARCH_USER_PATHS = NO;
				CLANG_CXX_LANGUAGE_STANDARD = "gnu++0x";
				CLANG_CXX_LIBRARY = "libc++";
				CLANG_ENABLE_MODULES = YES;
				CLANG_ENABLE_OBJC_ARC = YES;
				CLANG_WARN_BOOL_CONVERSION = YES;
				CLANG_WARN_CONSTANT_CONVERSION = YES;
				CLANG_WARN_DIRECT_OBJC_ISA_USAGE = YES_ERROR;
				CLANG_WARN_EMPTY_BODY = YES;
				CLANG_WARN_ENUM_CONVERSION = YES;
				CLANG_WARN_INT_CONVERSION = YES;
				CLANG_WARN_OBJC_ROOT_CLASS = YES_ERROR;
				CLANG_WARN_UNREACHABLE_CODE = YES;
				CLANG_WARN__DUPLICATE_METHOD_MATCH = YES;
				"CODE_SIGN_IDENTITY[sdk=iphoneos*]" = "iPhone Developer";
				COPY_PHASE_STRIP = NO;
				DEBUG_INFORMATION_FORMAT = "dwarf-with-dsym";
				ENABLE_NS_ASSERTIONS = NO;
				ENABLE_STRICT_OBJC_MSGSEND = YES;
				GCC_C_LANGUAGE_STANDARD = gnu99;
				GCC_NO_COMMON_BLOCKS = YES;
				GCC_WARN_64_TO_32_BIT_CONVERSION = YES;
				GCC_WARN_ABOUT_RETURN_TYPE = YES_ERROR;
				GCC_WARN_UNDECLARED_SELECTOR = YES;
				GCC_WARN_UNINITIALIZED_AUTOS = YES_AGGRESSIVE;
				GCC_WARN_UNUSED_FUNCTION = YES;
				GCC_WARN_UNUSED_VARIABLE = YES;
				IPHONEOS_DEPLOYMENT_TARGET = 9.2;
				MTL_ENABLE_DEBUG_INFO = NO;
				SDKROOT = iphoneos;
				VALIDATE_PRODUCT = YES;
			};
			name = Release;
		};
		B05F061A1C9957240048BB13 /* Debug */ = {
			isa = XCBuildConfiguration;
			baseConfigurationReference = EF3C8F8ADFAD71A72A1334B6 /* Pods-TFTableViewDataSource.debug.xcconfig */;
			buildSettings = {
				ASSETCATALOG_COMPILER_APPICON_NAME = AppIcon;
				INFOPLIST_FILE = TFTableViewDataSource/Info.plist;
				LD_RUNPATH_SEARCH_PATHS = "$(inherited) @executable_path/Frameworks";
				PRODUCT_BUNDLE_IDENTIFIER = cn.timeface.base.TFTableViewDataSource;
				PRODUCT_NAME = "$(TARGET_NAME)";
			};
			name = Debug;
		};
		B05F061B1C9957240048BB13 /* Release */ = {
			isa = XCBuildConfiguration;
			baseConfigurationReference = 962CAC963F5B8A5FD4485387 /* Pods-TFTableViewDataSource.release.xcconfig */;
			buildSettings = {
				ASSETCATALOG_COMPILER_APPICON_NAME = AppIcon;
				INFOPLIST_FILE = TFTableViewDataSource/Info.plist;
				LD_RUNPATH_SEARCH_PATHS = "$(inherited) @executable_path/Frameworks";
				PRODUCT_BUNDLE_IDENTIFIER = cn.timeface.base.TFTableViewDataSource;
				PRODUCT_NAME = "$(TARGET_NAME)";
			};
			name = Release;
		};
		B05F061D1C9957240048BB13 /* Debug */ = {
			isa = XCBuildConfiguration;
			buildSettings = {
				BUNDLE_LOADER = "$(TEST_HOST)";
				INFOPLIST_FILE = TFTableViewDataSourceTests/Info.plist;
				LD_RUNPATH_SEARCH_PATHS = "$(inherited) @executable_path/Frameworks @loader_path/Frameworks";
				PRODUCT_BUNDLE_IDENTIFIER = cn.timeface.base.TFTableViewDataSourceTests;
				PRODUCT_NAME = "$(TARGET_NAME)";
				TEST_HOST = "$(BUILT_PRODUCTS_DIR)/TFTableViewDataSource.app/TFTableViewDataSource";
			};
			name = Debug;
		};
		B05F061E1C9957240048BB13 /* Release */ = {
			isa = XCBuildConfiguration;
			buildSettings = {
				BUNDLE_LOADER = "$(TEST_HOST)";
				INFOPLIST_FILE = TFTableViewDataSourceTests/Info.plist;
				LD_RUNPATH_SEARCH_PATHS = "$(inherited) @executable_path/Frameworks @loader_path/Frameworks";
				PRODUCT_BUNDLE_IDENTIFIER = cn.timeface.base.TFTableViewDataSourceTests;
				PRODUCT_NAME = "$(TARGET_NAME)";
				TEST_HOST = "$(BUILT_PRODUCTS_DIR)/TFTableViewDataSource.app/TFTableViewDataSource";
			};
			name = Release;
		};
		B05F06201C9957240048BB13 /* Debug */ = {
			isa = XCBuildConfiguration;
			buildSettings = {
				INFOPLIST_FILE = TFTableViewDataSourceUITests/Info.plist;
				LD_RUNPATH_SEARCH_PATHS = "$(inherited) @executable_path/Frameworks @loader_path/Frameworks";
				PRODUCT_BUNDLE_IDENTIFIER = cn.timeface.base.TFTableViewDataSourceUITests;
				PRODUCT_NAME = "$(TARGET_NAME)";
				TEST_TARGET_NAME = TFTableViewDataSource;
				USES_XCTRUNNER = YES;
			};
			name = Debug;
		};
		B05F06211C9957240048BB13 /* Release */ = {
			isa = XCBuildConfiguration;
			buildSettings = {
				INFOPLIST_FILE = TFTableViewDataSourceUITests/Info.plist;
				LD_RUNPATH_SEARCH_PATHS = "$(inherited) @executable_path/Frameworks @loader_path/Frameworks";
				PRODUCT_BUNDLE_IDENTIFIER = cn.timeface.base.TFTableViewDataSourceUITests;
				PRODUCT_NAME = "$(TARGET_NAME)";
				TEST_TARGET_NAME = TFTableViewDataSource;
				USES_XCTRUNNER = YES;
			};
			name = Release;
		};
/* End XCBuildConfiguration section */

/* Begin XCConfigurationList section */
		B05F05E71C9957240048BB13 /* Build configuration list for PBXProject "TFTableViewDataSource" */ = {
			isa = XCConfigurationList;
			buildConfigurations = (
				B05F06171C9957240048BB13 /* Debug */,
				B05F06181C9957240048BB13 /* Release */,
			);
			defaultConfigurationIsVisible = 0;
			defaultConfigurationName = Release;
		};
		B05F06191C9957240048BB13 /* Build configuration list for PBXNativeTarget "TFTableViewDataSource" */ = {
			isa = XCConfigurationList;
			buildConfigurations = (
				B05F061A1C9957240048BB13 /* Debug */,
				B05F061B1C9957240048BB13 /* Release */,
			);
			defaultConfigurationIsVisible = 0;
			defaultConfigurationName = Release;
		};
		B05F061C1C9957240048BB13 /* Build configuration list for PBXNativeTarget "TFTableViewDataSourceTests" */ = {
			isa = XCConfigurationList;
			buildConfigurations = (
				B05F061D1C9957240048BB13 /* Debug */,
				B05F061E1C9957240048BB13 /* Release */,
			);
			defaultConfigurationIsVisible = 0;
			defaultConfigurationName = Release;
		};
		B05F061F1C9957240048BB13 /* Build configuration list for PBXNativeTarget "TFTableViewDataSourceUITests" */ = {
			isa = XCConfigurationList;
			buildConfigurations = (
				B05F06201C9957240048BB13 /* Debug */,
				B05F06211C9957240048BB13 /* Release */,
			);
			defaultConfigurationIsVisible = 0;
			defaultConfigurationName = Release;
		};
/* End XCConfigurationList section */
	};
	rootObject = B05F05E41C9957240048BB13 /* Project object */;
}
